{
  "version": 4,
  "terraform_version": "1.5.7",
  "serial": 96,
  "lineage": "e896ab51-48da-0a38-e357-e31504c48a0f",
  "outputs": {
    "alb_dns_name": {
      "value": "ml-video-platform-demo-alb-2114256506.us-west-2.elb.amazonaws.com",
      "type": "string"
    },
    "ecs_cluster_name": {
      "value": "ml-video-platform-demo-cluster",
      "type": "string"
    },
    "s3_bucket_name": {
      "value": "ml-video-platform-demo-videos-390669617932-1",
      "type": "string"
    },
    "sqs_queue_url": {
      "value": "https://sqs.us-west-2.amazonaws.com/390669617932/ml-video-platform-demo-processing-queue",
      "type": "string"
    }
  },
  "resources": [
    {
      "mode": "data",
      "type": "aws_caller_identity",
      "name": "current",
      "provider": "provider[\"registry.terraform.io/hashicorp/aws\"]",
      "instances": [
        {
          "schema_version": 0,
          "attributes": {
            "account_id": "390669617932",
            "arn": "arn:aws:sts::390669617932:assumed-role/AdministratorAssumeRole/aws-go-sdk-1767307304870553000",
            "id": "390669617932",
            "user_id": "AROAVV5NZJMGK5ATNMZ5J:aws-go-sdk-1767307304870553000"
          },
          "sensitive_attributes": []
        }
      ]
    },
    {
      "mode": "data",
      "type": "aws_region",
      "name": "current",
      "provider": "provider[\"registry.terraform.io/hashicorp/aws\"]",
      "instances": [
        {
          "schema_version": 0,
          "attributes": {
            "description": "US West (Oregon)",
            "endpoint": "ec2.us-west-2.amazonaws.com",
            "id": "us-west-2",
            "name": "us-west-2",
            "region": "us-west-2"
          },
          "sensitive_attributes": []
        }
      ]
    },
    {
      "mode": "data",
      "type": "aws_route53_zone",
      "name": "public",
      "provider": "provider[\"registry.terraform.io/hashicorp/aws\"]",
      "instances": [
        {
          "schema_version": 0,
          "attributes": {
            "arn": "arn:aws:route53:::hostedzone/Z08151143FF03FDE9U4RA",
            "caller_reference": "6994e0ac-357d-4ae2-97ea-d40c508fd8af",
            "comment": "",
            "enable_accelerated_recovery": false,
            "id": "Z08151143FF03FDE9U4RA",
            "linked_service_description": null,
            "linked_service_principal": null,
            "name": "alijabir.com",
            "name_servers": [
              "ns-1609.awsdns-09.co.uk",
              "ns-253.awsdns-31.com",
              "ns-573.awsdns-07.net",
              "ns-1338.awsdns-39.org"
            ],
            "primary_name_server": "ns-1609.awsdns-09.co.uk",
            "private_zone": false,
            "resource_record_set_count": 2,
            "tags": {},
            "vpc_id": null,
            "zone_id": "Z08151143FF03FDE9U4RA"
          },
          "sensitive_attributes": []
        }
      ]
    },
    {
      "mode": "managed",
      "type": "aws_acm_certificate",
      "name": "cert",
      "provider": "provider[\"registry.terraform.io/hashicorp/aws\"]",
      "instances": [
        {
          "schema_version": 0,
          "attributes": {
            "arn": "arn:aws:acm:us-west-2:390669617932:certificate/0519e986-ee4b-45fd-a29d-8ab01291e972",
            "certificate_authority_arn": "",
            "certificate_body": null,
            "certificate_chain": null,
            "domain_name": "video-search.alijabir.com",
            "domain_validation_options": [
              {
                "domain_name": "video-search.alijabir.com",
                "resource_record_name": "_6c62dbf48dc0d95b3bd3c3e4e8cf550b.video-search.alijabir.com.",
                "resource_record_type": "CNAME",
                "resource_record_value": "_9d2a8f53f8dec8eb67fe617d540c05c6.jkddzztszm.acm-validations.aws."
              }
            ],
            "early_renewal_duration": "",
            "id": "arn:aws:acm:us-west-2:390669617932:certificate/0519e986-ee4b-45fd-a29d-8ab01291e972",
            "key_algorithm": "RSA_2048",
            "not_after": "",
            "not_before": "",
            "options": [
              {
                "certificate_transparency_logging_preference": "ENABLED",
                "export": "DISABLED"
              }
            ],
            "pending_renewal": false,
            "private_key": null,
            "region": "us-west-2",
            "renewal_eligibility": "INELIGIBLE",
            "renewal_summary": [],
            "status": "PENDING_VALIDATION",
            "subject_alternative_names": [
              "video-search.alijabir.com"
            ],
            "tags": null,
            "tags_all": {},
            "type": "AMAZON_ISSUED",
            "validation_emails": [],
            "validation_method": "DNS",
            "validation_option": []
          },
          "sensitive_attributes": [],
          "private": "bnVsbA==",
          "create_before_destroy": true
        }
      ]
    },
    {
      "mode": "managed",
      "type": "aws_acm_certificate_validation",
      "name": "cert",
      "provider": "provider[\"registry.terraform.io/hashicorp/aws\"]",
      "instances": [
        {
          "schema_version": 0,
          "attributes": {
            "certificate_arn": "arn:aws:acm:us-west-2:390669617932:certificate/0519e986-ee4b-45fd-a29d-8ab01291e972",
            "id": "2026-01-01 22:42:10.234 +0000 UTC",
            "region": "us-west-2",
            "timeouts": null,
            "validation_record_fqdns": [
              "_6c62dbf48dc0d95b3bd3c3e4e8cf550b.video-search.alijabir.com"
            ]
          },
          "sensitive_attributes": [],
          "private": "eyJlMmJmYjczMC1lY2FhLTExZTYtOGY4OC0zNDM2M2JjN2M0YzAiOnsiY3JlYXRlIjo0NTAwMDAwMDAwMDAwfX0=",
          "dependencies": [
            "aws_acm_certificate.cert",
            "aws_route53_record.cert_validation",
            "data.aws_route53_zone.public"
          ]
        }
      ]
    },
    {
      "mode": "managed",
      "type": "aws_appautoscaling_policy",
      "name": "worker_queue_depth",
      "provider": "provider[\"registry.terraform.io/hashicorp/aws\"]",
      "instances": []
    },
    {
      "mode": "managed",
      "type": "aws_appautoscaling_target",
      "name": "worker",
      "provider": "provider[\"registry.terraform.io/hashicorp/aws\"]",
      "instances": []
    },
    {
      "mode": "managed",
      "type": "aws_cloudwatch_log_group",
      "name": "api",
      "provider": "provider[\"registry.terraform.io/hashicorp/aws\"]",
      "instances": [
        {
          "schema_version": 0,
          "attributes": {
            "arn": "arn:aws:logs:us-west-2:390669617932:log-group:/ecs/ml-video-platform-demo/api",
            "deletion_protection_enabled": false,
            "id": "/ecs/ml-video-platform-demo/api",
            "kms_key_id": "",
            "log_group_class": "STANDARD",
            "name": "/ecs/ml-video-platform-demo/api",
            "name_prefix": "",
            "region": "us-west-2",
            "retention_in_days": 7,
            "skip_destroy": false,
            "tags": {
              "Name": "ml-video-platform-demo-api-logs",
              "environment": "demo",
              "git": "https://www.github.com/syedalijabir/ml-video-platform",
              "managed-by": "terraform",
              "owner": "syedalijabir",
              "system": "ml-video-platform",
              "system-key": "ml-video-platform-demo"
            },
            "tags_all": {
              "Name": "ml-video-platform-demo-api-logs",
              "environment": "demo",
              "git": "https://www.github.com/syedalijabir/ml-video-platform",
              "managed-by": "terraform",
              "owner": "syedalijabir",
              "system": "ml-video-platform",
              "system-key": "ml-video-platform-demo"
            }
          },
          "sensitive_attributes": [],
          "private": "bnVsbA=="
        }
      ]
    },
    {
      "mode": "managed",
      "type": "aws_cloudwatch_log_group",
      "name": "worker",
      "provider": "provider[\"registry.terraform.io/hashicorp/aws\"]",
      "instances": [
        {
          "schema_version": 0,
          "attributes": {
            "arn": "arn:aws:logs:us-west-2:390669617932:log-group:/ecs/ml-video-platform-demo/worker",
            "deletion_protection_enabled": false,
            "id": "/ecs/ml-video-platform-demo/worker",
            "kms_key_id": "",
            "log_group_class": "STANDARD",
            "name": "/ecs/ml-video-platform-demo/worker",
            "name_prefix": "",
            "region": "us-west-2",
            "retention_in_days": 7,
            "skip_destroy": false,
            "tags": {
              "Name": "ml-video-platform-demo-worker-logs",
              "environment": "demo",
              "git": "https://www.github.com/syedalijabir/ml-video-platform",
              "managed-by": "terraform",
              "owner": "syedalijabir",
              "system": "ml-video-platform",
              "system-key": "ml-video-platform-demo"
            },
            "tags_all": {
              "Name": "ml-video-platform-demo-worker-logs",
              "environment": "demo",
              "git": "https://www.github.com/syedalijabir/ml-video-platform",
              "managed-by": "terraform",
              "owner": "syedalijabir",
              "system": "ml-video-platform",
              "system-key": "ml-video-platform-demo"
            }
          },
          "sensitive_attributes": [],
          "private": "bnVsbA=="
        }
      ]
    },
    {
      "mode": "managed",
      "type": "aws_cloudwatch_metric_alarm",
      "name": "high_queue_depth",
      "provider": "provider[\"registry.terraform.io/hashicorp/aws\"]",
      "instances": [
        {
          "schema_version": 1,
          "attributes": {
            "actions_enabled": true,
            "alarm_actions": null,
            "alarm_description": "Alert when SQS queue has more than 50 messages",
            "alarm_name": "ml-video-platform-demo-high-queue-depth",
            "arn": "arn:aws:cloudwatch:us-west-2:390669617932:alarm:ml-video-platform-demo-high-queue-depth",
            "comparison_operator": "GreaterThanThreshold",
            "datapoints_to_alarm": 0,
            "dimensions": {
              "QueueName": "ml-video-platform-demo-processing-queue"
            },
            "evaluate_low_sample_count_percentiles": "",
            "evaluation_periods": 2,
            "extended_statistic": "",
            "id": "ml-video-platform-demo-high-queue-depth",
            "insufficient_data_actions": null,
            "metric_name": "ApproximateNumberOfMessagesVisible",
            "metric_query": [],
            "namespace": "AWS/SQS",
            "ok_actions": null,
            "period": 300,
            "region": "us-west-2",
            "statistic": "Average",
            "tags": null,
            "tags_all": {},
            "threshold": 50,
            "threshold_metric_id": "",
            "treat_missing_data": "missing",
            "unit": ""
          },
          "sensitive_attributes": [],
          "private": "eyJzY2hlbWFfdmVyc2lvbiI6IjEifQ==",
          "dependencies": [
            "aws_sqs_queue.processing_dlq",
            "aws_sqs_queue.processing_queue"
          ]
        }
      ]
    },
    {
      "mode": "managed",
      "type": "aws_db_instance",
      "name": "postgres",
      "provider": "provider[\"registry.terraform.io/hashicorp/aws\"]",
      "instances": [
        {
          "schema_version": 2,
          "attributes": {
            "address": "ml-video-platform-demo-db.c98m4e0imi5w.us-west-2.rds.amazonaws.com",
            "allocated_storage": 20,
            "allow_major_version_upgrade": null,
            "apply_immediately": false,
            "arn": "arn:aws:rds:us-west-2:390669617932:db:ml-video-platform-demo-db",
            "auto_minor_version_upgrade": true,
            "availability_zone": "us-west-2a",
            "backup_retention_period": 0,
            "backup_target": "region",
            "backup_window": "07:16-07:46",
            "blue_green_update": [],
            "ca_cert_identifier": "rds-ca-rsa2048-g1",
            "character_set_name": "",
            "copy_tags_to_snapshot": false,
            "custom_iam_instance_profile": "",
            "customer_owned_ip_enabled": false,
            "database_insights_mode": "standard",
            "db_name": "mlvp",
            "db_subnet_group_name": "ml-video-platform-demo-db-subnet-group",
            "dedicated_log_volume": false,
            "delete_automated_backups": true,
            "deletion_protection": false,
            "domain": "",
            "domain_auth_secret_arn": "",
            "domain_dns_ips": null,
            "domain_fqdn": "",
            "domain_iam_role_name": "",
            "domain_ou": "",
            "enabled_cloudwatch_logs_exports": null,
            "endpoint": "ml-video-platform-demo-db.c98m4e0imi5w.us-west-2.rds.amazonaws.com:5432",
            "engine": "postgres",
            "engine_lifecycle_support": "open-source-rds-extended-support",
            "engine_version": "15.15",
            "engine_version_actual": "15.15",
            "final_snapshot_identifier": null,
            "hosted_zone_id": "Z1PVIF0B656C1W",
            "iam_database_authentication_enabled": false,
            "id": "db-2ALD3STWFNLGUT7BC2TTJMOMTQ",
            "identifier": "ml-video-platform-demo-db",
            "identifier_prefix": "",
            "instance_class": "db.t3.micro",
            "iops": 3000,
            "kms_key_id": "arn:aws:kms:us-west-2:390669617932:key/59c9c4ad-70e4-4c63-b5b7-968e2dbd83f1",
            "latest_restorable_time": "",
            "license_model": "postgresql-license",
            "listener_endpoint": [],
            "maintenance_window": "sat:13:05-sat:13:35",
            "manage_master_user_password": null,
            "master_user_secret": [],
            "master_user_secret_kms_key_id": null,
            "max_allocated_storage": 0,
            "monitoring_interval": 0,
            "monitoring_role_arn": "",
            "multi_az": false,
            "nchar_character_set_name": "",
            "network_type": "IPV4",
            "option_group_name": "default:postgres-15",
            "parameter_group_name": "default.postgres15",
            "password": "XCB8$LysA-5O:Y{y",
            "password_wo": null,
            "password_wo_version": null,
            "performance_insights_enabled": false,
            "performance_insights_kms_key_id": "",
            "performance_insights_retention_period": 0,
            "port": 5432,
            "publicly_accessible": false,
            "region": "us-west-2",
            "replica_mode": "",
            "replicas": [],
            "replicate_source_db": "",
            "resource_id": "db-2ALD3STWFNLGUT7BC2TTJMOMTQ",
            "restore_to_point_in_time": [],
            "s3_import": [],
            "skip_final_snapshot": true,
            "snapshot_identifier": null,
            "status": "available",
            "storage_encrypted": true,
            "storage_throughput": 125,
            "storage_type": "gp3",
            "tags": {
              "Name": "ml-video-platform-demo-db",
              "environment": "demo",
              "git": "https://www.github.com/syedalijabir/ml-video-platform",
              "managed-by": "terraform",
              "owner": "syedalijabir",
              "system": "ml-video-platform",
              "system-key": "ml-video-platform-demo"
            },
            "tags_all": {
              "Name": "ml-video-platform-demo-db",
              "environment": "demo",
              "git": "https://www.github.com/syedalijabir/ml-video-platform",
              "managed-by": "terraform",
              "owner": "syedalijabir",
              "system": "ml-video-platform",
              "system-key": "ml-video-platform-demo"
            },
            "timeouts": null,
            "timezone": "",
            "upgrade_rollout_order": "second",
            "upgrade_storage_config": null,
            "username": "mlvp_owner",
            "vpc_security_group_ids": [
              "sg-01d9ac2800a7d14a0"
            ]
          },
          "sensitive_attributes": [
            [
              {
                "type": "get_attr",
                "value": "password"
              }
            ],
            [
              {
                "type": "get_attr",
                "value": "db_name"
              }
            ],
            [
              {
                "type": "get_attr",
                "value": "username"
              }
            ]
          ],
          "private": "eyJlMmJmYjczMC1lY2FhLTExZTYtOGY4OC0zNDM2M2JjN2M0YzAiOnsiY3JlYXRlIjozMDAwMDAwMDAwMDAwLCJkZWxldGUiOjM2MDAwMDAwMDAwMDAsInVwZGF0ZSI6NDgwMDAwMDAwMDAwMH0sInNjaGVtYV92ZXJzaW9uIjoiMiJ9",
          "dependencies": [
            "aws_db_subnet_group.db",
            "aws_security_group.alb",
            "aws_security_group.api",
            "aws_security_group.rds",
            "aws_security_group.worker",
            "aws_ssm_parameter.db_name",
            "aws_ssm_parameter.db_password",
            "aws_ssm_parameter.db_username",
            "module.vpc.aws_subnet.private",
            "module.vpc.aws_vpc.this",
            "module.vpc.aws_vpc_ipv4_cidr_block_association.this",
            "random_password.db_password"
          ]
        }
      ]
    },
    {
      "mode": "managed",
      "type": "aws_db_subnet_group",
      "name": "db",
      "provider": "provider[\"registry.terraform.io/hashicorp/aws\"]",
      "instances": [
        {
          "schema_version": 0,
          "attributes": {
            "arn": "arn:aws:rds:us-west-2:390669617932:subgrp:ml-video-platform-demo-db-subnet-group",
            "description": "Managed by Terraform",
            "id": "ml-video-platform-demo-db-subnet-group",
            "name": "ml-video-platform-demo-db-subnet-group",
            "name_prefix": "",
            "region": "us-west-2",
            "subnet_ids": [
              "subnet-04d50fce03db75d47",
              "subnet-0719b31b61e024ea8",
              "subnet-0cadbe5987028a826"
            ],
            "supported_network_types": [
              "IPV4"
            ],
            "tags": {
              "Name": "ml-video-platform-demo-db-subnet-group",
              "environment": "demo",
              "git": "https://www.github.com/syedalijabir/ml-video-platform",
              "managed-by": "terraform",
              "owner": "syedalijabir",
              "system": "ml-video-platform",
              "system-key": "ml-video-platform-demo"
            },
            "tags_all": {
              "Name": "ml-video-platform-demo-db-subnet-group",
              "environment": "demo",
              "git": "https://www.github.com/syedalijabir/ml-video-platform",
              "managed-by": "terraform",
              "owner": "syedalijabir",
              "system": "ml-video-platform",
              "system-key": "ml-video-platform-demo"
            },
            "vpc_id": "vpc-0a37c30f2857b5b7f"
          },
          "sensitive_attributes": [],
          "private": "bnVsbA==",
          "dependencies": [
            "module.vpc.aws_subnet.private",
            "module.vpc.aws_vpc.this",
            "module.vpc.aws_vpc_ipv4_cidr_block_association.this"
          ]
        }
      ]
    },
    {
      "mode": "managed",
      "type": "aws_ecs_cluster",
      "name": "main",
      "provider": "provider[\"registry.terraform.io/hashicorp/aws\"]",
      "instances": [
        {
          "schema_version": 0,
          "attributes": {
            "arn": "arn:aws:ecs:us-west-2:390669617932:cluster/ml-video-platform-demo-cluster",
            "configuration": [],
            "id": "arn:aws:ecs:us-west-2:390669617932:cluster/ml-video-platform-demo-cluster",
            "name": "ml-video-platform-demo-cluster",
            "region": "us-west-2",
            "service_connect_defaults": [],
            "setting": [
              {
                "name": "containerInsights",
                "value": "disabled"
              }
            ],
            "tags": {
              "Name": "ml-video-platform-demo-cluster",
              "environment": "demo",
              "git": "https://www.github.com/syedalijabir/ml-video-platform",
              "managed-by": "terraform",
              "owner": "syedalijabir",
              "system": "ml-video-platform",
              "system-key": "ml-video-platform-demo"
            },
            "tags_all": {
              "Name": "ml-video-platform-demo-cluster",
              "environment": "demo",
              "git": "https://www.github.com/syedalijabir/ml-video-platform",
              "managed-by": "terraform",
              "owner": "syedalijabir",
              "system": "ml-video-platform",
              "system-key": "ml-video-platform-demo"
            }
          },
          "sensitive_attributes": [],
          "private": "bnVsbA=="
        }
      ]
    },
    {
      "mode": "managed",
      "type": "aws_ecs_cluster_capacity_providers",
      "name": "capacity_providers",
      "provider": "provider[\"registry.terraform.io/hashicorp/aws\"]",
      "instances": [
        {
          "schema_version": 0,
          "attributes": {
            "capacity_providers": [
              "FARGATE_SPOT"
            ],
            "cluster_name": "ml-video-platform-demo-cluster",
            "default_capacity_provider_strategy": [
              {
                "base": 1,
                "capacity_provider": "FARGATE_SPOT",
                "weight": 100
              }
            ],
            "id": "ml-video-platform-demo-cluster",
            "region": "us-west-2"
          },
          "sensitive_attributes": [],
          "private": "bnVsbA==",
          "dependencies": [
            "aws_ecs_cluster.main"
          ]
        }
      ]
    },
    {
      "mode": "managed",
      "type": "aws_ecs_service",
      "name": "api",
      "provider": "provider[\"registry.terraform.io/hashicorp/aws\"]",
      "instances": []
    },
    {
      "mode": "managed",
      "type": "aws_ecs_service",
      "name": "worker",
      "provider": "provider[\"registry.terraform.io/hashicorp/aws\"]",
      "instances": []
    },
    {
      "mode": "managed",
      "type": "aws_ecs_task_definition",
      "name": "api",
      "provider": "provider[\"registry.terraform.io/hashicorp/aws\"]",
      "instances": []
    },
    {
      "mode": "managed",
      "type": "aws_ecs_task_definition",
      "name": "worker",
      "provider": "provider[\"registry.terraform.io/hashicorp/aws\"]",
      "instances": []
    },
    {
      "mode": "managed",
      "type": "aws_iam_role",
      "name": "api_task_role",
      "provider": "provider[\"registry.terraform.io/hashicorp/aws\"]",
      "instances": [
        {
          "schema_version": 0,
          "attributes": {
            "arn": "arn:aws:iam::390669617932:role/ml-video-platform-demo-api-task-role",
            "assume_role_policy": "{\"Statement\":[{\"Action\":\"sts:AssumeRole\",\"Effect\":\"Allow\",\"Principal\":{\"Service\":\"ecs-tasks.amazonaws.com\"}}],\"Version\":\"2012-10-17\"}",
            "create_date": "2026-01-01T22:41:50Z",
            "description": "",
            "force_detach_policies": false,
            "id": "ml-video-platform-demo-api-task-role",
            "inline_policy": [],
            "managed_policy_arns": [],
            "max_session_duration": 3600,
            "name": "ml-video-platform-demo-api-task-role",
            "name_prefix": "",
            "path": "/",
            "permissions_boundary": "",
            "tags": null,
            "tags_all": {},
            "unique_id": "AROAVV5NZJMGA3HHSETZQ"
          },
          "sensitive_attributes": [],
          "private": "bnVsbA=="
        }
      ]
    },
    {
      "mode": "managed",
      "type": "aws_iam_role",
      "name": "ecs_execution_role",
      "provider": "provider[\"registry.terraform.io/hashicorp/aws\"]",
      "instances": [
        {
          "schema_version": 0,
          "attributes": {
            "arn": "arn:aws:iam::390669617932:role/ml-video-platform-demo-ecs-execution-role",
            "assume_role_policy": "{\"Statement\":[{\"Action\":\"sts:AssumeRole\",\"Effect\":\"Allow\",\"Principal\":{\"Service\":\"ecs-tasks.amazonaws.com\"}}],\"Version\":\"2012-10-17\"}",
            "create_date": "2026-01-01T22:41:50Z",
            "description": "",
            "force_detach_policies": false,
            "id": "ml-video-platform-demo-ecs-execution-role",
            "inline_policy": [],
            "managed_policy_arns": [],
            "max_session_duration": 3600,
            "name": "ml-video-platform-demo-ecs-execution-role",
            "name_prefix": "",
            "path": "/",
            "permissions_boundary": "",
            "tags": null,
            "tags_all": {},
            "unique_id": "AROAVV5NZJMGDQKZBRNUG"
          },
          "sensitive_attributes": [],
          "private": "bnVsbA=="
        }
      ]
    },
    {
      "mode": "managed",
      "type": "aws_iam_role",
      "name": "worker_task_role",
      "provider": "provider[\"registry.terraform.io/hashicorp/aws\"]",
      "instances": [
        {
          "schema_version": 0,
          "attributes": {
            "arn": "arn:aws:iam::390669617932:role/ml-video-platform-demo-worker-task-role",
            "assume_role_policy": "{\"Statement\":[{\"Action\":\"sts:AssumeRole\",\"Effect\":\"Allow\",\"Principal\":{\"Service\":\"ecs-tasks.amazonaws.com\"}}],\"Version\":\"2012-10-17\"}",
            "create_date": "2026-01-01T22:41:51Z",
            "description": "",
            "force_detach_policies": false,
            "id": "ml-video-platform-demo-worker-task-role",
            "inline_policy": [],
            "managed_policy_arns": [],
            "max_session_duration": 3600,
            "name": "ml-video-platform-demo-worker-task-role",
            "name_prefix": "",
            "path": "/",
            "permissions_boundary": "",
            "tags": null,
            "tags_all": {},
            "unique_id": "AROAVV5NZJMGJEFTJJJIW"
          },
          "sensitive_attributes": [],
          "private": "bnVsbA=="
        }
      ]
    },
    {
      "mode": "managed",
      "type": "aws_iam_role_policy",
      "name": "ecs_task_policy",
      "provider": "provider[\"registry.terraform.io/hashicorp/aws\"]",
      "instances": [
        {
          "schema_version": 0,
          "attributes": {
            "id": "ml-video-platform-demo-api-task-role:ml-video-platform-demo-api-task-policy",
            "name": "ml-video-platform-demo-api-task-policy",
            "name_prefix": "",
            "policy": "{\"Version\":\"2012-10-17\",\"Statement\":[{\"Action\":[\"s3:ListBucket\"],\"Effect\":\"Allow\",\"Resource\":\"arn:aws:s3:::ml-video-platform-demo-videos-390669617932-1\"},{\"Action\":[\"s3:GetObject\",\"s3:PutObject\",\"s3:DeleteObject\"],\"Effect\":\"Allow\",\"Resource\":[\"arn:aws:s3:::ml-video-platform-demo-videos-390669617932-1\",\"arn:aws:s3:::ml-video-platform-demo-videos-390669617932-1/*\"]},{\"Action\":[\"sqs:SendMessage\",\"sqs:ReceiveMessage\",\"sqs:DeleteMessage\",\"sqs:GetQueueAttributes\"],\"Effect\":\"Allow\",\"Resource\":\"arn:aws:sqs:us-west-2:390669617932:ml-video-platform-demo-processing-queue\"}]}",
            "role": "ml-video-platform-demo-api-task-role"
          },
          "sensitive_attributes": [],
          "private": "bnVsbA==",
          "dependencies": [
            "aws_iam_role.api_task_role",
            "aws_s3_bucket.videos",
            "aws_sqs_queue.processing_dlq",
            "aws_sqs_queue.processing_queue",
            "data.aws_caller_identity.current"
          ]
        }
      ]
    },
    {
      "mode": "managed",
      "type": "aws_iam_role_policy",
      "name": "ecs_worker_task_policy",
      "provider": "provider[\"registry.terraform.io/hashicorp/aws\"]",
      "instances": [
        {
          "schema_version": 0,
          "attributes": {
            "id": "ml-video-platform-demo-worker-task-role:ml-video-platform-demo-worker-task-policy",
            "name": "ml-video-platform-demo-worker-task-policy",
            "name_prefix": "",
            "policy": "{\"Version\":\"2012-10-17\",\"Statement\":[{\"Action\":[\"s3:ListBucket\"],\"Effect\":\"Allow\",\"Resource\":\"arn:aws:s3:::ml-video-platform-demo-videos-390669617932-1\"},{\"Action\":[\"s3:GetObject\",\"s3:PutObject\",\"s3:DeleteObject\"],\"Effect\":\"Allow\",\"Resource\":\"arn:aws:s3:::ml-video-platform-demo-videos-390669617932-1/*\"},{\"Action\":[\"sqs:ReceiveMessage\",\"sqs:DeleteMessage\",\"sqs:GetQueueAttributes\",\"sqs:ChangeMessageVisibility\"],\"Effect\":\"Allow\",\"Resource\":\"arn:aws:sqs:us-west-2:390669617932:ml-video-platform-demo-processing-queue\"}]}",
            "role": "ml-video-platform-demo-worker-task-role"
          },
          "sensitive_attributes": [],
          "private": "bnVsbA==",
          "dependencies": [
            "aws_iam_role.worker_task_role",
            "aws_s3_bucket.videos",
            "aws_sqs_queue.processing_dlq",
            "aws_sqs_queue.processing_queue",
            "data.aws_caller_identity.current"
          ]
        }
      ]
    },
    {
      "mode": "managed",
      "type": "aws_iam_role_policy_attachment",
      "name": "ecs_execution_role",
      "provider": "provider[\"registry.terraform.io/hashicorp/aws\"]",
      "instances": [
        {
          "schema_version": 0,
          "attributes": {
            "id": "ml-video-platform-demo-ecs-execution-role/arn:aws:iam::aws:policy/service-role/AmazonECSTaskExecutionRolePolicy",
            "policy_arn": "arn:aws:iam::aws:policy/service-role/AmazonECSTaskExecutionRolePolicy",
            "role": "ml-video-platform-demo-ecs-execution-role"
          },
          "sensitive_attributes": [],
          "private": "bnVsbA==",
          "dependencies": [
            "aws_iam_role.ecs_execution_role"
          ]
        }
      ]
    },
    {
      "mode": "managed",
      "type": "aws_lb",
      "name": "lb",
      "provider": "provider[\"registry.terraform.io/hashicorp/aws\"]",
      "instances": [
        {
          "schema_version": 0,
          "attributes": {
            "access_logs": [
              {
                "bucket": "",
                "enabled": false,
                "prefix": ""
              }
            ],
            "arn": "arn:aws:elasticloadbalancing:us-west-2:390669617932:loadbalancer/app/ml-video-platform-demo-alb/b4c2191b2253f5aa",
            "arn_suffix": "app/ml-video-platform-demo-alb/b4c2191b2253f5aa",
            "client_keep_alive": 3600,
            "connection_logs": [
              {
                "bucket": "",
                "enabled": false,
                "prefix": ""
              }
            ],
            "customer_owned_ipv4_pool": "",
            "desync_mitigation_mode": "defensive",
            "dns_name": "ml-video-platform-demo-alb-2114256506.us-west-2.elb.amazonaws.com",
            "dns_record_client_routing_policy": null,
            "drop_invalid_header_fields": false,
            "enable_cross_zone_load_balancing": true,
            "enable_deletion_protection": false,
            "enable_http2": true,
            "enable_tls_version_and_cipher_suite_headers": false,
            "enable_waf_fail_open": false,
            "enable_xff_client_port": false,
            "enable_zonal_shift": false,
            "enforce_security_group_inbound_rules_on_private_link_traffic": "",
            "health_check_logs": [
              {
                "bucket": "",
                "enabled": false,
                "prefix": ""
              }
            ],
            "id": "arn:aws:elasticloadbalancing:us-west-2:390669617932:loadbalancer/app/ml-video-platform-demo-alb/b4c2191b2253f5aa",
            "idle_timeout": 60,
            "internal": false,
            "ip_address_type": "ipv4",
            "ipam_pools": [],
            "load_balancer_type": "application",
            "minimum_load_balancer_capacity": [],
            "name": "ml-video-platform-demo-alb",
            "name_prefix": "",
            "preserve_host_header": true,
            "region": "us-west-2",
            "secondary_ips_auto_assigned_per_subnet": null,
            "security_groups": [
              "sg-069ae1748ea09c25d"
            ],
            "subnet_mapping": [
              {
                "allocation_id": "",
                "ipv6_address": "",
                "outpost_id": "",
                "private_ipv4_address": "",
                "subnet_id": "subnet-012f72b5e950217a4"
              },
              {
                "allocation_id": "",
                "ipv6_address": "",
                "outpost_id": "",
                "private_ipv4_address": "",
                "subnet_id": "subnet-0778d2384e3203ee8"
              },
              {
                "allocation_id": "",
                "ipv6_address": "",
                "outpost_id": "",
                "private_ipv4_address": "",
                "subnet_id": "subnet-07a7843dea811b99c"
              }
            ],
            "subnets": [
              "subnet-012f72b5e950217a4",
              "subnet-0778d2384e3203ee8",
              "subnet-07a7843dea811b99c"
            ],
            "tags": {
              "Name": "ml-video-platform-demo-alb",
              "environment": "demo",
              "git": "https://www.github.com/syedalijabir/ml-video-platform",
              "managed-by": "terraform",
              "owner": "syedalijabir",
              "system": "ml-video-platform",
              "system-key": "ml-video-platform-demo"
            },
            "tags_all": {
              "Name": "ml-video-platform-demo-alb",
              "environment": "demo",
              "git": "https://www.github.com/syedalijabir/ml-video-platform",
              "managed-by": "terraform",
              "owner": "syedalijabir",
              "system": "ml-video-platform",
              "system-key": "ml-video-platform-demo"
            },
            "timeouts": null,
            "vpc_id": "vpc-0a37c30f2857b5b7f",
            "xff_header_processing_mode": "append",
            "zone_id": "Z1H1FL5HABSF5"
          },
          "sensitive_attributes": [],
          "private": "eyJlMmJmYjczMC1lY2FhLTExZTYtOGY4OC0zNDM2M2JjN2M0YzAiOnsiY3JlYXRlIjo2MDAwMDAwMDAwMDAsImRlbGV0ZSI6NjAwMDAwMDAwMDAwLCJ1cGRhdGUiOjYwMDAwMDAwMDAwMH19",
          "dependencies": [
            "aws_security_group.alb",
            "module.vpc.aws_subnet.public",
            "module.vpc.aws_vpc.this",
            "module.vpc.aws_vpc_ipv4_cidr_block_association.this"
          ]
        }
      ]
    },
    {
      "mode": "managed",
      "type": "aws_lb_listener",
      "name": "http",
      "provider": "provider[\"registry.terraform.io/hashicorp/aws\"]",
      "instances": [
        {
          "schema_version": 0,
          "attributes": {
            "alpn_policy": null,
            "arn": "arn:aws:elasticloadbalancing:us-west-2:390669617932:listener/app/ml-video-platform-demo-alb/b4c2191b2253f5aa/4be853f645c49a1b",
            "certificate_arn": null,
            "default_action": [
              {
                "authenticate_cognito": [],
                "authenticate_oidc": [],
                "fixed_response": [],
                "forward": [],
                "jwt_validation": [],
                "order": 1,
                "redirect": [
                  {
                    "host": "#{host}",
                    "path": "/#{path}",
                    "port": "443",
                    "protocol": "HTTPS",
                    "query": "#{query}",
                    "status_code": "HTTP_301"
                  }
                ],
                "target_group_arn": "",
                "type": "redirect"
              }
            ],
            "id": "arn:aws:elasticloadbalancing:us-west-2:390669617932:listener/app/ml-video-platform-demo-alb/b4c2191b2253f5aa/4be853f645c49a1b",
            "load_balancer_arn": "arn:aws:elasticloadbalancing:us-west-2:390669617932:loadbalancer/app/ml-video-platform-demo-alb/b4c2191b2253f5aa",
            "mutual_authentication": [],
            "port": 80,
            "protocol": "HTTP",
            "region": "us-west-2",
            "routing_http_request_x_amzn_mtls_clientcert_header_name": null,
            "routing_http_request_x_amzn_mtls_clientcert_issuer_header_name": null,
            "routing_http_request_x_amzn_mtls_clientcert_leaf_header_name": null,
            "routing_http_request_x_amzn_mtls_clientcert_serial_number_header_name": null,
            "routing_http_request_x_amzn_mtls_clientcert_subject_header_name": null,
            "routing_http_request_x_amzn_mtls_clientcert_validity_header_name": null,
            "routing_http_request_x_amzn_tls_cipher_suite_header_name": null,
            "routing_http_request_x_amzn_tls_version_header_name": null,
            "routing_http_response_access_control_allow_credentials_header_value": "",
            "routing_http_response_access_control_allow_headers_header_value": "",
            "routing_http_response_access_control_allow_methods_header_value": "",
            "routing_http_response_access_control_allow_origin_header_value": "",
            "routing_http_response_access_control_expose_headers_header_value": "",
            "routing_http_response_access_control_max_age_header_value": "",
            "routing_http_response_content_security_policy_header_value": "",
            "routing_http_response_server_enabled": true,
            "routing_http_response_strict_transport_security_header_value": "",
            "routing_http_response_x_content_type_options_header_value": "",
            "routing_http_response_x_frame_options_header_value": "",
            "ssl_policy": "",
            "tags": null,
            "tags_all": {},
            "tcp_idle_timeout_seconds": null,
            "timeouts": null
          },
          "sensitive_attributes": [],
          "private": "eyJlMmJmYjczMC1lY2FhLTExZTYtOGY4OC0zNDM2M2JjN2M0YzAiOnsiY3JlYXRlIjozMDAwMDAwMDAwMDAsInVwZGF0ZSI6MzAwMDAwMDAwMDAwfX0=",
          "dependencies": [
            "aws_lb.lb",
            "aws_lb_target_group.api",
            "aws_security_group.alb",
            "module.vpc.aws_subnet.public",
            "module.vpc.aws_vpc.this",
            "module.vpc.aws_vpc_ipv4_cidr_block_association.this"
          ]
        }
      ]
    },
    {
      "mode": "managed",
      "type": "aws_lb_listener",
      "name": "https",
      "provider": "provider[\"registry.terraform.io/hashicorp/aws\"]",
      "instances": [
        {
          "schema_version": 0,
          "attributes": {
            "alpn_policy": null,
            "arn": "arn:aws:elasticloadbalancing:us-west-2:390669617932:listener/app/ml-video-platform-demo-alb/b4c2191b2253f5aa/0f5fafa5ca3b34b8",
            "certificate_arn": "arn:aws:acm:us-west-2:390669617932:certificate/0519e986-ee4b-45fd-a29d-8ab01291e972",
            "default_action": [
              {
                "authenticate_cognito": [],
                "authenticate_oidc": [],
                "fixed_response": [],
                "forward": [],
                "jwt_validation": [],
                "order": 1,
                "redirect": [],
                "target_group_arn": "arn:aws:elasticloadbalancing:us-west-2:390669617932:targetgroup/ml-video-platform-demo-api-tg/742a7fdddcb16cc1",
                "type": "forward"
              }
            ],
            "id": "arn:aws:elasticloadbalancing:us-west-2:390669617932:listener/app/ml-video-platform-demo-alb/b4c2191b2253f5aa/0f5fafa5ca3b34b8",
            "load_balancer_arn": "arn:aws:elasticloadbalancing:us-west-2:390669617932:loadbalancer/app/ml-video-platform-demo-alb/b4c2191b2253f5aa",
            "mutual_authentication": [
              {
                "advertise_trust_store_ca_names": "",
                "ignore_client_certificate_expiry": false,
                "mode": "off",
                "trust_store_arn": ""
              }
            ],
            "port": 443,
            "protocol": "HTTPS",
            "region": "us-west-2",
            "routing_http_request_x_amzn_mtls_clientcert_header_name": "",
            "routing_http_request_x_amzn_mtls_clientcert_issuer_header_name": "",
            "routing_http_request_x_amzn_mtls_clientcert_leaf_header_name": "",
            "routing_http_request_x_amzn_mtls_clientcert_serial_number_header_name": "",
            "routing_http_request_x_amzn_mtls_clientcert_subject_header_name": "",
            "routing_http_request_x_amzn_mtls_clientcert_validity_header_name": "",
            "routing_http_request_x_amzn_tls_cipher_suite_header_name": "",
            "routing_http_request_x_amzn_tls_version_header_name": "",
            "routing_http_response_access_control_allow_credentials_header_value": "",
            "routing_http_response_access_control_allow_headers_header_value": "",
            "routing_http_response_access_control_allow_methods_header_value": "",
            "routing_http_response_access_control_allow_origin_header_value": "",
            "routing_http_response_access_control_expose_headers_header_value": "",
            "routing_http_response_access_control_max_age_header_value": "",
            "routing_http_response_content_security_policy_header_value": "",
            "routing_http_response_server_enabled": true,
            "routing_http_response_strict_transport_security_header_value": "",
            "routing_http_response_x_content_type_options_header_value": "",
            "routing_http_response_x_frame_options_header_value": "",
            "ssl_policy": "ELBSecurityPolicy-TLS-1-2-2017-01",
            "tags": null,
            "tags_all": {},
            "tcp_idle_timeout_seconds": null,
            "timeouts": null
          },
          "sensitive_attributes": [],
          "private": "eyJlMmJmYjczMC1lY2FhLTExZTYtOGY4OC0zNDM2M2JjN2M0YzAiOnsiY3JlYXRlIjozMDAwMDAwMDAwMDAsInVwZGF0ZSI6MzAwMDAwMDAwMDAwfX0=",
          "dependencies": [
            "aws_acm_certificate.cert",
            "aws_acm_certificate_validation.cert",
            "aws_lb.lb",
            "aws_lb_target_group.api",
            "aws_route53_record.cert_validation",
            "aws_security_group.alb",
            "data.aws_route53_zone.public",
            "module.vpc.aws_subnet.public",
            "module.vpc.aws_vpc.this",
            "module.vpc.aws_vpc_ipv4_cidr_block_association.this"
          ]
        }
      ]
    },
    {
      "mode": "managed",
      "type": "aws_lb_target_group",
      "name": "api",
      "provider": "provider[\"registry.terraform.io/hashicorp/aws\"]",
      "instances": [
        {
          "schema_version": 0,
          "attributes": {
            "arn": "arn:aws:elasticloadbalancing:us-west-2:390669617932:targetgroup/ml-video-platform-demo-api-tg/742a7fdddcb16cc1",
            "arn_suffix": "targetgroup/ml-video-platform-demo-api-tg/742a7fdddcb16cc1",
            "connection_termination": null,
            "deregistration_delay": "30",
            "health_check": [
              {
                "enabled": true,
                "healthy_threshold": 2,
                "interval": 30,
                "matcher": "200",
                "path": "/health",
                "port": "traffic-port",
                "protocol": "HTTP",
                "timeout": 5,
                "unhealthy_threshold": 3
              }
            ],
            "id": "arn:aws:elasticloadbalancing:us-west-2:390669617932:targetgroup/ml-video-platform-demo-api-tg/742a7fdddcb16cc1",
            "ip_address_type": "ipv4",
            "lambda_multi_value_headers_enabled": false,
            "load_balancer_arns": [],
            "load_balancing_algorithm_type": "least_outstanding_requests",
            "load_balancing_anomaly_mitigation": "off",
            "load_balancing_cross_zone_enabled": "use_load_balancer_configuration",
            "name": "ml-video-platform-demo-api-tg",
            "name_prefix": "",
            "port": 8000,
            "preserve_client_ip": null,
            "protocol": "HTTP",
            "protocol_version": "HTTP1",
            "proxy_protocol_v2": false,
            "region": "us-west-2",
            "slow_start": 0,
            "stickiness": [
              {
                "cookie_duration": 86400,
                "cookie_name": "",
                "enabled": false,
                "type": "lb_cookie"
              }
            ],
            "tags": {
              "Name": "ml-video-platform-demo-api-tg",
              "environment": "demo",
              "git": "https://www.github.com/syedalijabir/ml-video-platform",
              "managed-by": "terraform",
              "owner": "syedalijabir",
              "system": "ml-video-platform",
              "system-key": "ml-video-platform-demo"
            },
            "tags_all": {
              "Name": "ml-video-platform-demo-api-tg",
              "environment": "demo",
              "git": "https://www.github.com/syedalijabir/ml-video-platform",
              "managed-by": "terraform",
              "owner": "syedalijabir",
              "system": "ml-video-platform",
              "system-key": "ml-video-platform-demo"
            },
            "target_control_port": 0,
            "target_failover": [
              {
                "on_deregistration": null,
                "on_unhealthy": null
              }
            ],
            "target_group_health": [
              {
                "dns_failover": [
                  {
                    "minimum_healthy_targets_count": "1",
                    "minimum_healthy_targets_percentage": "off"
                  }
                ],
                "unhealthy_state_routing": [
                  {
                    "minimum_healthy_targets_count": 1,
                    "minimum_healthy_targets_percentage": "off"
                  }
                ]
              }
            ],
            "target_health_state": [
              {
                "enable_unhealthy_connection_termination": null,
                "unhealthy_draining_interval": null
              }
            ],
            "target_type": "ip",
            "vpc_id": "vpc-0a37c30f2857b5b7f"
          },
          "sensitive_attributes": [],
          "private": "bnVsbA==",
          "dependencies": [
            "module.vpc.aws_vpc.this"
          ]
        }
      ]
    },
    {
      "mode": "managed",
      "type": "aws_route53_record",
      "name": "cert_validation",
      "provider": "provider[\"registry.terraform.io/hashicorp/aws\"]",
      "instances": [
        {
          "index_key": "video-search.alijabir.com",
          "schema_version": 2,
          "attributes": {
            "alias": [],
            "allow_overwrite": null,
            "cidr_routing_policy": [],
            "failover_routing_policy": [],
            "fqdn": "_6c62dbf48dc0d95b3bd3c3e4e8cf550b.video-search.alijabir.com",
            "geolocation_routing_policy": [],
            "geoproximity_routing_policy": [],
            "health_check_id": "",
            "id": "Z08151143FF03FDE9U4RA__6c62dbf48dc0d95b3bd3c3e4e8cf550b.video-search.alijabir.com._CNAME",
            "latency_routing_policy": [],
            "multivalue_answer_routing_policy": false,
            "name": "_6c62dbf48dc0d95b3bd3c3e4e8cf550b.video-search.alijabir.com",
            "records": [
              "_9d2a8f53f8dec8eb67fe617d540c05c6.jkddzztszm.acm-validations.aws."
            ],
            "set_identifier": "",
            "timeouts": null,
            "ttl": 300,
            "type": "CNAME",
            "weighted_routing_policy": [],
            "zone_id": "Z08151143FF03FDE9U4RA"
          },
          "sensitive_attributes": [],
          "private": "eyJlMmJmYjczMC1lY2FhLTExZTYtOGY4OC0zNDM2M2JjN2M0YzAiOnsiY3JlYXRlIjoxODAwMDAwMDAwMDAwLCJkZWxldGUiOjE4MDAwMDAwMDAwMDAsInVwZGF0ZSI6MTgwMDAwMDAwMDAwMH0sInNjaGVtYV92ZXJzaW9uIjoiMiJ9",
          "dependencies": [
            "aws_acm_certificate.cert",
            "data.aws_route53_zone.public"
          ]
        }
      ]
    },
    {
      "mode": "managed",
      "type": "aws_route53_record",
      "name": "ml-video",
      "provider": "provider[\"registry.terraform.io/hashicorp/aws\"]",
      "instances": [
        {
          "schema_version": 2,
          "attributes": {
            "alias": [
              {
                "evaluate_target_health": false,
                "name": "ml-video-platform-demo-alb-2114256506.us-west-2.elb.amazonaws.com",
                "zone_id": "Z1H1FL5HABSF5"
              }
            ],
            "allow_overwrite": null,
            "cidr_routing_policy": [],
            "failover_routing_policy": [],
            "fqdn": "video-search.alijabir.com",
            "geolocation_routing_policy": [],
            "geoproximity_routing_policy": [],
            "health_check_id": "",
            "id": "Z08151143FF03FDE9U4RA_video-search.alijabir.com_A",
            "latency_routing_policy": [],
            "multivalue_answer_routing_policy": false,
            "name": "video-search.alijabir.com",
            "records": null,
            "set_identifier": "",
            "timeouts": null,
            "ttl": 0,
            "type": "A",
            "weighted_routing_policy": [],
            "zone_id": "Z08151143FF03FDE9U4RA"
          },
          "sensitive_attributes": [],
          "private": "eyJlMmJmYjczMC1lY2FhLTExZTYtOGY4OC0zNDM2M2JjN2M0YzAiOnsiY3JlYXRlIjoxODAwMDAwMDAwMDAwLCJkZWxldGUiOjE4MDAwMDAwMDAwMDAsInVwZGF0ZSI6MTgwMDAwMDAwMDAwMH0sInNjaGVtYV92ZXJzaW9uIjoiMiJ9",
          "dependencies": [
            "aws_lb.lb",
            "aws_security_group.alb",
            "data.aws_route53_zone.public",
            "module.vpc.aws_subnet.public",
            "module.vpc.aws_vpc.this",
            "module.vpc.aws_vpc_ipv4_cidr_block_association.this"
          ]
        }
      ]
    },
    {
      "mode": "managed",
      "type": "aws_s3_bucket",
      "name": "videos",
      "provider": "provider[\"registry.terraform.io/hashicorp/aws\"]",
      "instances": [
        {
          "schema_version": 0,
          "attributes": {
            "acceleration_status": "",
            "acl": null,
            "arn": "arn:aws:s3:::ml-video-platform-demo-videos-390669617932-1",
            "bucket": "ml-video-platform-demo-videos-390669617932-1",
            "bucket_domain_name": "ml-video-platform-demo-videos-390669617932-1.s3.amazonaws.com",
            "bucket_prefix": "",
            "bucket_region": "us-west-2",
            "bucket_regional_domain_name": "ml-video-platform-demo-videos-390669617932-1.s3.us-west-2.amazonaws.com",
            "cors_rule": [],
            "force_destroy": false,
            "grant": [
              {
                "id": "6f2602ac12a48ba6412235e6d9657af5912afdd50cc7fa13b0ab6d68f7091fd2",
                "permissions": [
                  "FULL_CONTROL"
                ],
                "type": "CanonicalUser",
                "uri": ""
              }
            ],
            "hosted_zone_id": "Z3BJ6K6RIION7M",
            "id": "ml-video-platform-demo-videos-390669617932-1",
            "lifecycle_rule": [],
            "logging": [],
            "object_lock_configuration": [],
            "object_lock_enabled": false,
            "policy": "",
            "region": "us-west-2",
            "replication_configuration": [],
            "request_payer": "BucketOwner",
            "server_side_encryption_configuration": [
              {
                "rule": [
                  {
                    "apply_server_side_encryption_by_default": [
                      {
                        "kms_master_key_id": "",
                        "sse_algorithm": "AES256"
                      }
                    ],
                    "bucket_key_enabled": false
                  }
                ]
              }
            ],
            "tags": {
              "Name": "ml-video-platform-demo-videos",
              "environment": "demo",
              "git": "https://www.github.com/syedalijabir/ml-video-platform",
              "managed-by": "terraform",
              "owner": "syedalijabir",
              "system": "ml-video-platform",
              "system-key": "ml-video-platform-demo"
            },
            "tags_all": {
              "Name": "ml-video-platform-demo-videos",
              "environment": "demo",
              "git": "https://www.github.com/syedalijabir/ml-video-platform",
              "managed-by": "terraform",
              "owner": "syedalijabir",
              "system": "ml-video-platform",
              "system-key": "ml-video-platform-demo"
            },
            "timeouts": null,
            "versioning": [
              {
                "enabled": false,
                "mfa_delete": false
              }
            ],
            "website": [],
            "website_domain": null,
            "website_endpoint": null
          },
          "sensitive_attributes": [],
          "private": "eyJlMmJmYjczMC1lY2FhLTExZTYtOGY4OC0zNDM2M2JjN2M0YzAiOnsiY3JlYXRlIjoxMjAwMDAwMDAwMDAwLCJkZWxldGUiOjM2MDAwMDAwMDAwMDAsInJlYWQiOjEyMDAwMDAwMDAwMDAsInVwZGF0ZSI6MTIwMDAwMDAwMDAwMH19",
          "dependencies": [
            "data.aws_caller_identity.current"
          ]
        }
      ]
    },
    {
      "mode": "managed",
      "type": "aws_s3_bucket_cors_configuration",
      "name": "videos",
      "provider": "provider[\"registry.terraform.io/hashicorp/aws\"]",
      "instances": [
        {
          "schema_version": 0,
          "attributes": {
            "bucket": "ml-video-platform-demo-videos-390669617932-1",
            "cors_rule": [
              {
                "allowed_headers": [
                  "*"
                ],
                "allowed_methods": [
                  "GET",
                  "POST",
                  "PUT"
                ],
                "allowed_origins": [
                  "*"
                ],
                "expose_headers": [
                  "ETag"
                ],
                "id": "",
                "max_age_seconds": 3000
              }
            ],
            "expected_bucket_owner": "",
            "id": "ml-video-platform-demo-videos-390669617932-1",
            "region": "us-west-2"
          },
          "sensitive_attributes": [],
          "private": "bnVsbA==",
          "dependencies": [
            "aws_s3_bucket.videos",
            "data.aws_caller_identity.current"
          ]
        }
      ]
    },
    {
      "mode": "managed",
      "type": "aws_s3_bucket_lifecycle_configuration",
      "name": "videos",
      "provider": "provider[\"registry.terraform.io/hashicorp/aws\"]",
      "instances": [
        {
          "schema_version": 1,
          "attributes": {
            "bucket": "ml-video-platform-demo-videos-390669617932-1",
            "expected_bucket_owner": "",
            "id": "ml-video-platform-demo-videos-390669617932-1",
            "region": "us-west-2",
            "rule": [
              {
                "abort_incomplete_multipart_upload": [],
                "expiration": [],
                "filter": [],
                "id": "delete-old-versions",
                "noncurrent_version_expiration": [
                  {
                    "newer_noncurrent_versions": null,
                    "noncurrent_days": 30
                  }
                ],
                "noncurrent_version_transition": [],
                "prefix": "",
                "status": "Enabled",
                "transition": []
              },
              {
                "abort_incomplete_multipart_upload": [],
                "expiration": [],
                "filter": [],
                "id": "transition-to-ia",
                "noncurrent_version_expiration": [],
                "noncurrent_version_transition": [],
                "prefix": "",
                "status": "Enabled",
                "transition": [
                  {
                    "date": null,
                    "days": 60,
                    "storage_class": "STANDARD_IA"
                  }
                ]
              }
            ],
            "timeouts": null,
            "transition_default_minimum_object_size": "all_storage_classes_128K"
          },
          "sensitive_attributes": [],
          "dependencies": [
            "aws_s3_bucket.videos",
            "data.aws_caller_identity.current"
          ]
        }
      ]
    },
    {
      "mode": "managed",
      "type": "aws_s3_bucket_versioning",
      "name": "videos",
      "provider": "provider[\"registry.terraform.io/hashicorp/aws\"]",
      "instances": [
        {
          "schema_version": 0,
          "attributes": {
            "bucket": "ml-video-platform-demo-videos-390669617932-1",
            "expected_bucket_owner": "",
            "id": "ml-video-platform-demo-videos-390669617932-1",
            "mfa": null,
            "region": "us-west-2",
            "versioning_configuration": [
              {
                "mfa_delete": "",
                "status": "Disabled"
              }
            ]
          },
          "sensitive_attributes": [],
          "private": "bnVsbA==",
          "dependencies": [
            "aws_s3_bucket.videos",
            "data.aws_caller_identity.current"
          ]
        }
      ]
    },
    {
      "mode": "managed",
      "type": "aws_security_group",
      "name": "alb",
      "provider": "provider[\"registry.terraform.io/hashicorp/aws\"]",
      "instances": [
        {
          "schema_version": 1,
          "attributes": {
            "arn": "arn:aws:ec2:us-west-2:390669617932:security-group/sg-069ae1748ea09c25d",
            "description": "Security group for ALB",
            "egress": [
              {
                "cidr_blocks": [
                  "0.0.0.0/0"
                ],
                "description": "",
                "from_port": 0,
                "ipv6_cidr_blocks": [],
                "prefix_list_ids": [],
                "protocol": "-1",
                "security_groups": [],
                "self": false,
                "to_port": 0
              }
            ],
            "id": "sg-069ae1748ea09c25d",
            "ingress": [
              {
                "cidr_blocks": [
                  "0.0.0.0/0"
                ],
                "description": "",
                "from_port": 443,
                "ipv6_cidr_blocks": [],
                "prefix_list_ids": [],
                "protocol": "tcp",
                "security_groups": [],
                "self": false,
                "to_port": 443
              },
              {
                "cidr_blocks": [
                  "0.0.0.0/0"
                ],
                "description": "",
                "from_port": 80,
                "ipv6_cidr_blocks": [],
                "prefix_list_ids": [],
                "protocol": "tcp",
                "security_groups": [],
                "self": false,
                "to_port": 80
              }
            ],
            "name": "ml-video-platform-demo-alb-sg",
            "name_prefix": "",
            "owner_id": "390669617932",
            "region": "us-west-2",
            "revoke_rules_on_delete": false,
            "tags": {
              "Name": "ml-video-platform-demo-alb-sg",
              "environment": "demo",
              "git": "https://www.github.com/syedalijabir/ml-video-platform",
              "managed-by": "terraform",
              "owner": "syedalijabir",
              "system": "ml-video-platform",
              "system-key": "ml-video-platform-demo"
            },
            "tags_all": {
              "Name": "ml-video-platform-demo-alb-sg",
              "environment": "demo",
              "git": "https://www.github.com/syedalijabir/ml-video-platform",
              "managed-by": "terraform",
              "owner": "syedalijabir",
              "system": "ml-video-platform",
              "system-key": "ml-video-platform-demo"
            },
            "timeouts": null,
            "vpc_id": "vpc-0a37c30f2857b5b7f"
          },
          "sensitive_attributes": [],
          "private": "eyJlMmJmYjczMC1lY2FhLTExZTYtOGY4OC0zNDM2M2JjN2M0YzAiOnsiY3JlYXRlIjo2MDAwMDAwMDAwMDAsImRlbGV0ZSI6OTAwMDAwMDAwMDAwfSwic2NoZW1hX3ZlcnNpb24iOiIxIn0=",
          "dependencies": [
            "module.vpc.aws_vpc.this"
          ]
        }
      ]
    },
    {
      "mode": "managed",
      "type": "aws_security_group",
      "name": "api",
      "provider": "provider[\"registry.terraform.io/hashicorp/aws\"]",
      "instances": [
        {
          "schema_version": 1,
          "attributes": {
            "arn": "arn:aws:ec2:us-west-2:390669617932:security-group/sg-048edd3630597ff61",
            "description": "Security group for API ECS tasks",
            "egress": [
              {
                "cidr_blocks": [
                  "0.0.0.0/0"
                ],
                "description": "",
                "from_port": 0,
                "ipv6_cidr_blocks": [],
                "prefix_list_ids": [],
                "protocol": "-1",
                "security_groups": [],
                "self": false,
                "to_port": 0
              }
            ],
            "id": "sg-048edd3630597ff61",
            "ingress": [
              {
                "cidr_blocks": [],
                "description": "",
                "from_port": 8000,
                "ipv6_cidr_blocks": [],
                "prefix_list_ids": [],
                "protocol": "tcp",
                "security_groups": [
                  "sg-069ae1748ea09c25d"
                ],
                "self": false,
                "to_port": 8000
              }
            ],
            "name": "ml-video-platform-demo-api-sg",
            "name_prefix": "",
            "owner_id": "390669617932",
            "region": "us-west-2",
            "revoke_rules_on_delete": false,
            "tags": {
              "Name": "ml-video-platform-demo-api-sg",
              "environment": "demo",
              "git": "https://www.github.com/syedalijabir/ml-video-platform",
              "managed-by": "terraform",
              "owner": "syedalijabir",
              "system": "ml-video-platform",
              "system-key": "ml-video-platform-demo"
            },
            "tags_all": {
              "Name": "ml-video-platform-demo-api-sg",
              "environment": "demo",
              "git": "https://www.github.com/syedalijabir/ml-video-platform",
              "managed-by": "terraform",
              "owner": "syedalijabir",
              "system": "ml-video-platform",
              "system-key": "ml-video-platform-demo"
            },
            "timeouts": null,
            "vpc_id": "vpc-0a37c30f2857b5b7f"
          },
          "sensitive_attributes": [],
          "private": "eyJlMmJmYjczMC1lY2FhLTExZTYtOGY4OC0zNDM2M2JjN2M0YzAiOnsiY3JlYXRlIjo2MDAwMDAwMDAwMDAsImRlbGV0ZSI6OTAwMDAwMDAwMDAwfSwic2NoZW1hX3ZlcnNpb24iOiIxIn0=",
          "dependencies": [
            "aws_security_group.alb",
            "module.vpc.aws_vpc.this"
          ]
        }
      ]
    },
    {
      "mode": "managed",
      "type": "aws_security_group",
      "name": "rds",
      "provider": "provider[\"registry.terraform.io/hashicorp/aws\"]",
      "instances": [
        {
          "schema_version": 1,
          "attributes": {
            "arn": "arn:aws:ec2:us-west-2:390669617932:security-group/sg-01d9ac2800a7d14a0",
            "description": "Security group for RDS",
            "egress": [],
            "id": "sg-01d9ac2800a7d14a0",
            "ingress": [
              {
                "cidr_blocks": [],
                "description": "",
                "from_port": 5432,
                "ipv6_cidr_blocks": [],
                "prefix_list_ids": [],
                "protocol": "tcp",
                "security_groups": [
                  "sg-020d644d0e64b88e1",
                  "sg-048edd3630597ff61"
                ],
                "self": false,
                "to_port": 5432
              }
            ],
            "name": "ml-video-platform-demo-rds-sg",
            "name_prefix": "",
            "owner_id": "390669617932",
            "region": "us-west-2",
            "revoke_rules_on_delete": false,
            "tags": {
              "Name": "ml-video-platform-demo-rds-sg",
              "environment": "demo",
              "git": "https://www.github.com/syedalijabir/ml-video-platform",
              "managed-by": "terraform",
              "owner": "syedalijabir",
              "system": "ml-video-platform",
              "system-key": "ml-video-platform-demo"
            },
            "tags_all": {
              "Name": "ml-video-platform-demo-rds-sg",
              "environment": "demo",
              "git": "https://www.github.com/syedalijabir/ml-video-platform",
              "managed-by": "terraform",
              "owner": "syedalijabir",
              "system": "ml-video-platform",
              "system-key": "ml-video-platform-demo"
            },
            "timeouts": null,
            "vpc_id": "vpc-0a37c30f2857b5b7f"
          },
          "sensitive_attributes": [],
          "private": "eyJlMmJmYjczMC1lY2FhLTExZTYtOGY4OC0zNDM2M2JjN2M0YzAiOnsiY3JlYXRlIjo2MDAwMDAwMDAwMDAsImRlbGV0ZSI6OTAwMDAwMDAwMDAwfSwic2NoZW1hX3ZlcnNpb24iOiIxIn0=",
          "dependencies": [
            "aws_security_group.alb",
            "aws_security_group.api",
            "aws_security_group.worker",
            "module.vpc.aws_vpc.this"
          ]
        }
      ]
    },
    {
      "mode": "managed",
      "type": "aws_security_group",
      "name": "vpc_endpoint",
      "provider": "provider[\"registry.terraform.io/hashicorp/aws\"]",
      "instances": [
        {
          "schema_version": 1,
          "attributes": {
            "arn": "arn:aws:ec2:us-west-2:390669617932:security-group/sg-0e135ab999d6dbde2",
            "description": "Security group for VPC endpoints",
            "egress": [
              {
                "cidr_blocks": [
                  "0.0.0.0/0"
                ],
                "description": "",
                "from_port": 0,
                "ipv6_cidr_blocks": [],
                "prefix_list_ids": [],
                "protocol": "-1",
                "security_groups": [],
                "self": false,
                "to_port": 0
              }
            ],
            "id": "sg-0e135ab999d6dbde2",
            "ingress": [
              {
                "cidr_blocks": [
                  "172.30.0.0/24"
                ],
                "description": "TLS from VPC",
                "from_port": 443,
                "ipv6_cidr_blocks": [],
                "prefix_list_ids": [],
                "protocol": "tcp",
                "security_groups": [],
                "self": false,
                "to_port": 443
              },
              {
                "cidr_blocks": [],
                "description": "HTTPS from API tasks",
                "from_port": 443,
                "ipv6_cidr_blocks": [],
                "prefix_list_ids": [],
                "protocol": "tcp",
                "security_groups": [
                  "sg-048edd3630597ff61"
                ],
                "self": false,
                "to_port": 443
              },
              {
                "cidr_blocks": [],
                "description": "HTTPS from Worker tasks",
                "from_port": 443,
                "ipv6_cidr_blocks": [],
                "prefix_list_ids": [],
                "protocol": "tcp",
                "security_groups": [
                  "sg-020d644d0e64b88e1"
                ],
                "self": false,
                "to_port": 443
              }
            ],
            "name": "ml-video-platform-demo-vpc-endpoint-sg",
            "name_prefix": "",
            "owner_id": "390669617932",
            "region": "us-west-2",
            "revoke_rules_on_delete": false,
            "tags": {
              "Name": "ml-video-platform-demo-vpc-endpoint-sg"
            },
            "tags_all": {
              "Name": "ml-video-platform-demo-vpc-endpoint-sg"
            },
            "timeouts": null,
            "vpc_id": "vpc-0a37c30f2857b5b7f"
          },
          "sensitive_attributes": [],
          "private": "eyJlMmJmYjczMC1lY2FhLTExZTYtOGY4OC0zNDM2M2JjN2M0YzAiOnsiY3JlYXRlIjo2MDAwMDAwMDAwMDAsImRlbGV0ZSI6OTAwMDAwMDAwMDAwfSwic2NoZW1hX3ZlcnNpb24iOiIxIn0=",
          "dependencies": [
            "aws_security_group.alb",
            "aws_security_group.api",
            "aws_security_group.worker",
            "module.vpc.aws_vpc.this"
          ]
        }
      ]
    },
    {
      "mode": "managed",
      "type": "aws_security_group",
      "name": "worker",
      "provider": "provider[\"registry.terraform.io/hashicorp/aws\"]",
      "instances": [
        {
          "schema_version": 1,
          "attributes": {
            "arn": "arn:aws:ec2:us-west-2:390669617932:security-group/sg-020d644d0e64b88e1",
            "description": "Security group for ECS worker tasks",
            "egress": [
              {
                "cidr_blocks": [
                  "0.0.0.0/0"
                ],
                "description": "",
                "from_port": 0,
                "ipv6_cidr_blocks": [],
                "prefix_list_ids": [],
                "protocol": "-1",
                "security_groups": [],
                "self": false,
                "to_port": 0
              }
            ],
            "id": "sg-020d644d0e64b88e1",
            "ingress": [],
            "name": "ml-video-platform-demo-worker-sg",
            "name_prefix": "",
            "owner_id": "390669617932",
            "region": "us-west-2",
            "revoke_rules_on_delete": false,
            "tags": {
              "Name": "ml-video-platform-demo-worker-sg",
              "environment": "demo",
              "git": "https://www.github.com/syedalijabir/ml-video-platform",
              "managed-by": "terraform",
              "owner": "syedalijabir",
              "system": "ml-video-platform",
              "system-key": "ml-video-platform-demo"
            },
            "tags_all": {
              "Name": "ml-video-platform-demo-worker-sg",
              "environment": "demo",
              "git": "https://www.github.com/syedalijabir/ml-video-platform",
              "managed-by": "terraform",
              "owner": "syedalijabir",
              "system": "ml-video-platform",
              "system-key": "ml-video-platform-demo"
            },
            "timeouts": null,
            "vpc_id": "vpc-0a37c30f2857b5b7f"
          },
          "sensitive_attributes": [],
          "private": "eyJlMmJmYjczMC1lY2FhLTExZTYtOGY4OC0zNDM2M2JjN2M0YzAiOnsiY3JlYXRlIjo2MDAwMDAwMDAwMDAsImRlbGV0ZSI6OTAwMDAwMDAwMDAwfSwic2NoZW1hX3ZlcnNpb24iOiIxIn0=",
          "dependencies": [
            "module.vpc.aws_vpc.this"
          ]
        }
      ]
    },
    {
      "mode": "managed",
      "type": "aws_sqs_queue",
      "name": "processing_dlq",
      "provider": "provider[\"registry.terraform.io/hashicorp/aws\"]",
      "instances": [
        {
          "schema_version": 0,
          "attributes": {
            "arn": "arn:aws:sqs:us-west-2:390669617932:ml-video-platform-demo-processing-dlq",
            "content_based_deduplication": false,
            "deduplication_scope": "",
            "delay_seconds": 0,
            "fifo_queue": false,
            "fifo_throughput_limit": "",
            "id": "https://sqs.us-west-2.amazonaws.com/390669617932/ml-video-platform-demo-processing-dlq",
            "kms_data_key_reuse_period_seconds": 300,
            "kms_master_key_id": "",
            "max_message_size": 262144,
            "message_retention_seconds": 1209600,
            "name": "ml-video-platform-demo-processing-dlq",
            "name_prefix": "",
            "policy": "",
            "receive_wait_time_seconds": 0,
            "redrive_allow_policy": "",
            "redrive_policy": "",
            "region": "us-west-2",
            "sqs_managed_sse_enabled": true,
            "tags": {
              "Name": "ml-video-platform-demo-processing-dlq",
              "environment": "demo",
              "git": "https://www.github.com/syedalijabir/ml-video-platform",
              "managed-by": "terraform",
              "owner": "syedalijabir",
              "system": "ml-video-platform",
              "system-key": "ml-video-platform-demo"
            },
            "tags_all": {
              "Name": "ml-video-platform-demo-processing-dlq",
              "environment": "demo",
              "git": "https://www.github.com/syedalijabir/ml-video-platform",
              "managed-by": "terraform",
              "owner": "syedalijabir",
              "system": "ml-video-platform",
              "system-key": "ml-video-platform-demo"
            },
            "timeouts": null,
            "url": "https://sqs.us-west-2.amazonaws.com/390669617932/ml-video-platform-demo-processing-dlq",
            "visibility_timeout_seconds": 30
          },
          "sensitive_attributes": [],
          "private": "eyJlMmJmYjczMC1lY2FhLTExZTYtOGY4OC0zNDM2M2JjN2M0YzAiOnsiY3JlYXRlIjoxODAwMDAwMDAwMDAsImRlbGV0ZSI6MTgwMDAwMDAwMDAwLCJ1cGRhdGUiOjE4MDAwMDAwMDAwMH19"
        }
      ]
    },
    {
      "mode": "managed",
      "type": "aws_sqs_queue",
      "name": "processing_queue",
      "provider": "provider[\"registry.terraform.io/hashicorp/aws\"]",
      "instances": [
        {
          "schema_version": 0,
          "attributes": {
            "arn": "arn:aws:sqs:us-west-2:390669617932:ml-video-platform-demo-processing-queue",
            "content_based_deduplication": false,
            "deduplication_scope": "",
            "delay_seconds": 0,
            "fifo_queue": false,
            "fifo_throughput_limit": "",
            "id": "https://sqs.us-west-2.amazonaws.com/390669617932/ml-video-platform-demo-processing-queue",
            "kms_data_key_reuse_period_seconds": 300,
            "kms_master_key_id": "",
            "max_message_size": 262144,
            "message_retention_seconds": 86400,
            "name": "ml-video-platform-demo-processing-queue",
            "name_prefix": "",
            "policy": "",
            "receive_wait_time_seconds": 10,
            "redrive_allow_policy": "",
            "redrive_policy": "{\"deadLetterTargetArn\":\"arn:aws:sqs:us-west-2:390669617932:ml-video-platform-demo-processing-dlq\",\"maxReceiveCount\":3}",
            "region": "us-west-2",
            "sqs_managed_sse_enabled": true,
            "tags": {
              "Name": "ml-video-platform-demo-processing-queue",
              "environment": "demo",
              "git": "https://www.github.com/syedalijabir/ml-video-platform",
              "managed-by": "terraform",
              "owner": "syedalijabir",
              "system": "ml-video-platform",
              "system-key": "ml-video-platform-demo"
            },
            "tags_all": {
              "Name": "ml-video-platform-demo-processing-queue",
              "environment": "demo",
              "git": "https://www.github.com/syedalijabir/ml-video-platform",
              "managed-by": "terraform",
              "owner": "syedalijabir",
              "system": "ml-video-platform",
              "system-key": "ml-video-platform-demo"
            },
            "timeouts": null,
            "url": "https://sqs.us-west-2.amazonaws.com/390669617932/ml-video-platform-demo-processing-queue",
            "visibility_timeout_seconds": 900
          },
          "sensitive_attributes": [],
          "private": "eyJlMmJmYjczMC1lY2FhLTExZTYtOGY4OC0zNDM2M2JjN2M0YzAiOnsiY3JlYXRlIjoxODAwMDAwMDAwMDAsImRlbGV0ZSI6MTgwMDAwMDAwMDAwLCJ1cGRhdGUiOjE4MDAwMDAwMDAwMH19",
          "dependencies": [
            "aws_sqs_queue.processing_dlq"
          ]
        }
      ]
    },
    {
      "mode": "managed",
      "type": "aws_sqs_queue_policy",
      "name": "processing_queue",
      "provider": "provider[\"registry.terraform.io/hashicorp/aws\"]",
      "instances": [
        {
          "schema_version": 1,
          "attributes": {
            "id": "https://sqs.us-west-2.amazonaws.com/390669617932/ml-video-platform-demo-processing-queue",
            "policy": "{\"Statement\":[{\"Action\":\"sqs:*\",\"Effect\":\"Allow\",\"Principal\":{\"Service\":\"lambda.amazonaws.com\"},\"Resource\":\"arn:aws:sqs:us-west-2:390669617932:ml-video-platform-demo-processing-queue\",\"Sid\":\"AllowLambdaReceive\"}],\"Version\":\"2012-10-17\"}",
            "queue_url": "https://sqs.us-west-2.amazonaws.com/390669617932/ml-video-platform-demo-processing-queue",
            "region": "us-west-2"
          },
          "sensitive_attributes": [],
          "private": "eyJzY2hlbWFfdmVyc2lvbiI6IjEifQ==",
          "dependencies": [
            "aws_sqs_queue.processing_dlq",
            "aws_sqs_queue.processing_queue"
          ]
        }
      ]
    },
    {
      "mode": "managed",
      "type": "aws_ssm_parameter",
      "name": "db_name",
      "provider": "provider[\"registry.terraform.io/hashicorp/aws\"]",
      "instances": [
        {
          "schema_version": 0,
          "attributes": {
            "allowed_pattern": "",
            "arn": "arn:aws:ssm:us-west-2:390669617932:parameter/ml-video-platform-demo/demo/database/name",
            "data_type": "text",
            "description": "Name for RDS database",
            "has_value_wo": false,
            "id": "/ml-video-platform-demo/demo/database/name",
            "insecure_value": null,
            "key_id": "",
            "name": "/ml-video-platform-demo/demo/database/name",
            "overwrite": null,
            "region": "us-west-2",
            "tags": {
              "environment": "demo",
              "git": "https://www.github.com/syedalijabir/ml-video-platform",
              "managed-by": "terraform",
              "owner": "syedalijabir",
              "system": "ml-video-platform",
              "system-key": "ml-video-platform-demo"
            },
            "tags_all": {
              "environment": "demo",
              "git": "https://www.github.com/syedalijabir/ml-video-platform",
              "managed-by": "terraform",
              "owner": "syedalijabir",
              "system": "ml-video-platform",
              "system-key": "ml-video-platform-demo"
            },
            "tier": "Standard",
            "type": "String",
            "value": "mlvp",
            "value_wo": null,
            "value_wo_version": null,
            "version": 1
          },
          "sensitive_attributes": [],
          "private": "bnVsbA=="
        }
      ]
    },
    {
      "mode": "managed",
      "type": "aws_ssm_parameter",
      "name": "db_password",
      "provider": "provider[\"registry.terraform.io/hashicorp/aws\"]",
      "instances": [
        {
          "schema_version": 0,
          "attributes": {
            "allowed_pattern": "",
            "arn": "arn:aws:ssm:us-west-2:390669617932:parameter/ml-video-platform-demo/demo/database/password",
            "data_type": "text",
            "description": "Password for RDS database",
            "has_value_wo": false,
            "id": "/ml-video-platform-demo/demo/database/password",
            "insecure_value": null,
            "key_id": "alias/aws/ssm",
            "name": "/ml-video-platform-demo/demo/database/password",
            "overwrite": null,
            "region": "us-west-2",
            "tags": {
              "environment": "demo",
              "git": "https://www.github.com/syedalijabir/ml-video-platform",
              "managed-by": "terraform",
              "owner": "syedalijabir",
              "system": "ml-video-platform",
              "system-key": "ml-video-platform-demo"
            },
            "tags_all": {
              "environment": "demo",
              "git": "https://www.github.com/syedalijabir/ml-video-platform",
              "managed-by": "terraform",
              "owner": "syedalijabir",
              "system": "ml-video-platform",
              "system-key": "ml-video-platform-demo"
            },
            "tier": "Standard",
            "type": "SecureString",
            "value": "XCB8$LysA-5O:Y{y",
            "value_wo": null,
            "value_wo_version": null,
            "version": 1
          },
          "sensitive_attributes": [
            [
              {
                "type": "get_attr",
                "value": "value"
              }
            ]
          ],
          "private": "bnVsbA==",
          "dependencies": [
            "random_password.db_password"
          ]
        }
      ]
    },
    {
      "mode": "managed",
      "type": "aws_ssm_parameter",
      "name": "db_username",
      "provider": "provider[\"registry.terraform.io/hashicorp/aws\"]",
      "instances": [
        {
          "schema_version": 0,
          "attributes": {
            "allowed_pattern": "",
            "arn": "arn:aws:ssm:us-west-2:390669617932:parameter/ml-video-platform-demo/demo/database/username",
            "data_type": "text",
            "description": "Username for RDS database",
            "has_value_wo": false,
            "id": "/ml-video-platform-demo/demo/database/username",
            "insecure_value": null,
            "key_id": "",
            "name": "/ml-video-platform-demo/demo/database/username",
            "overwrite": null,
            "region": "us-west-2",
            "tags": {
              "environment": "demo",
              "git": "https://www.github.com/syedalijabir/ml-video-platform",
              "managed-by": "terraform",
              "owner": "syedalijabir",
              "system": "ml-video-platform",
              "system-key": "ml-video-platform-demo"
            },
            "tags_all": {
              "environment": "demo",
              "git": "https://www.github.com/syedalijabir/ml-video-platform",
              "managed-by": "terraform",
              "owner": "syedalijabir",
              "system": "ml-video-platform",
              "system-key": "ml-video-platform-demo"
            },
            "tier": "Standard",
            "type": "String",
            "value": "mlvp_owner",
            "value_wo": null,
            "value_wo_version": null,
            "version": 1
          },
          "sensitive_attributes": [],
          "private": "bnVsbA=="
        }
      ]
    },
    {
      "mode": "managed",
      "type": "aws_vpc_endpoint",
      "name": "s3",
      "provider": "provider[\"registry.terraform.io/hashicorp/aws\"]",
      "instances": [
        {
          "schema_version": 0,
          "attributes": {
            "arn": "arn:aws:ec2:us-west-2:390669617932:vpc-endpoint/vpce-03b038692a383e2d6",
            "auto_accept": null,
            "cidr_blocks": [
              "3.5.76.0/22",
              "16.12.96.0/20",
              "16.12.112.0/21",
              "3.5.80.0/21",
              "18.34.48.0/20",
              "18.34.244.0/22",
              "16.12.88.0/21",
              "52.92.128.0/17",
              "52.218.128.0/17"
            ],
            "dns_entry": [],
            "dns_options": [
              {
                "dns_record_ip_type": "service-defined",
                "private_dns_only_for_inbound_resolver_endpoint": false
              }
            ],
            "id": "vpce-03b038692a383e2d6",
            "ip_address_type": "ipv4",
            "network_interface_ids": [],
            "owner_id": "390669617932",
            "policy": "{\"Statement\":[{\"Action\":\"*\",\"Effect\":\"Allow\",\"Principal\":\"*\",\"Resource\":\"*\"}],\"Version\":\"2008-10-17\"}",
            "prefix_list_id": "pl-68a54001",
            "private_dns_enabled": false,
            "region": "us-west-2",
            "requester_managed": false,
            "resource_configuration_arn": "",
            "route_table_ids": [
              "rtb-0910f9171d6d3b596"
            ],
            "security_group_ids": [],
            "service_name": "com.amazonaws.us-west-2.s3",
            "service_network_arn": "",
            "service_region": "us-west-2",
            "state": "available",
            "subnet_configuration": [],
            "subnet_ids": [],
            "tags": {
              "Name": "ml-video-platform-demo-s3-endpoint"
            },
            "tags_all": {
              "Name": "ml-video-platform-demo-s3-endpoint"
            },
            "timeouts": null,
            "vpc_endpoint_type": "Gateway",
            "vpc_id": "vpc-0a37c30f2857b5b7f"
          },
          "sensitive_attributes": [],
          "private": "eyJlMmJmYjczMC1lY2FhLTExZTYtOGY4OC0zNDM2M2JjN2M0YzAiOnsiY3JlYXRlIjo2MDAwMDAwMDAwMDAsImRlbGV0ZSI6NjAwMDAwMDAwMDAwLCJ1cGRhdGUiOjYwMDAwMDAwMDAwMH19",
          "dependencies": [
            "module.vpc.aws_route_table.private",
            "module.vpc.aws_vpc.this",
            "module.vpc.aws_vpc_ipv4_cidr_block_association.this"
          ]
        }
      ]
    },
    {
      "mode": "managed",
      "type": "pinecone_index",
      "name": "video_frames",
      "provider": "provider[\"registry.terraform.io/pinecone-io/pinecone\"]",
      "instances": [
        {
          "schema_version": 0,
          "attributes": {
            "deletion_protection": "disabled",
            "dimension": 512,
            "embed": {
              "dimension": null,
              "field_map": null,
              "metric": null,
              "model": null,
              "read_parameters": null,
              "vector_type": null,
              "write_parameters": null
            },
            "host": "video-frames-2aumlmc.svc.aped-4627-b74a.pinecone.io",
            "id": "video-frames",
            "metric": "cosine",
            "name": "video-frames",
            "spec": {
              "pod": null,
              "serverless": {
                "cloud": "aws",
                "region": "us-east-1"
              }
            },
            "status": {
              "ready": true,
              "state": "Ready"
            },
            "tags": null,
            "timeouts": null,
            "vector_type": "dense"
          },
          "sensitive_attributes": []
        }
      ]
    },
    {
      "mode": "managed",
      "type": "random_password",
      "name": "db_password",
      "provider": "provider[\"registry.terraform.io/hashicorp/random\"]",
      "instances": [
        {
          "schema_version": 3,
          "attributes": {
            "bcrypt_hash": "$2a$10$.2wLcCW7GdTb5iRfhXtQO.0Xo7KJ7vsUwss7hi6UHumpX0wIrgjGG",
            "id": "none",
            "keepers": null,
            "length": 16,
            "lower": true,
            "min_lower": 0,
            "min_numeric": 0,
            "min_special": 0,
            "min_upper": 0,
            "number": true,
            "numeric": true,
            "override_special": "!#$%\u0026*()-_=+[]{}\u003c\u003e:?",
            "result": "XCB8$LysA-5O:Y{y",
            "special": true,
            "upper": true
          },
          "sensitive_attributes": []
        }
      ]
    },
    {
      "module": "module.vpc",
      "mode": "managed",
      "type": "aws_default_network_acl",
      "name": "this",
      "provider": "provider[\"registry.terraform.io/hashicorp/aws\"]",
      "instances": [
        {
          "index_key": 0,
          "schema_version": 0,
          "attributes": {
            "arn": "arn:aws:ec2:us-west-2:390669617932:network-acl/acl-07749e4ef56949058",
            "default_network_acl_id": "acl-07749e4ef56949058",
            "egress": [
              {
                "action": "allow",
                "cidr_block": "",
                "from_port": 0,
                "icmp_code": null,
                "icmp_type": null,
                "ipv6_cidr_block": "::/0",
                "protocol": "-1",
                "rule_no": 101,
                "to_port": 0
              },
              {
                "action": "allow",
                "cidr_block": "0.0.0.0/0",
                "from_port": 0,
                "icmp_code": null,
                "icmp_type": null,
                "ipv6_cidr_block": "",
                "protocol": "-1",
                "rule_no": 100,
                "to_port": 0
              }
            ],
            "id": "acl-07749e4ef56949058",
            "ingress": [
              {
                "action": "allow",
                "cidr_block": "",
                "from_port": 0,
                "icmp_code": null,
                "icmp_type": null,
                "ipv6_cidr_block": "::/0",
                "protocol": "-1",
                "rule_no": 101,
                "to_port": 0
              },
              {
                "action": "allow",
                "cidr_block": "0.0.0.0/0",
                "from_port": 0,
                "icmp_code": null,
                "icmp_type": null,
                "ipv6_cidr_block": "",
                "protocol": "-1",
                "rule_no": 100,
                "to_port": 0
              }
            ],
            "owner_id": "390669617932",
            "region": "us-west-2",
            "subnet_ids": [
              "subnet-0778d2384e3203ee8",
              "subnet-0cadbe5987028a826"
            ],
            "tags": {
              "CIDR": "172.30.0.0/24",
              "Name": "ml-video-platform-demo-vpc",
              "environment": "demo",
              "git": "https://www.github.com/syedalijabir/ml-video-platform",
              "managed-by": "terraform",
              "owner": "syedalijabir",
              "system": "ml-video-platform",
              "system-key": "ml-video-platform-demo"
            },
            "tags_all": {
              "CIDR": "172.30.0.0/24",
              "Name": "ml-video-platform-demo-vpc",
              "environment": "demo",
              "git": "https://www.github.com/syedalijabir/ml-video-platform",
              "managed-by": "terraform",
              "owner": "syedalijabir",
              "system": "ml-video-platform",
              "system-key": "ml-video-platform-demo"
            },
            "vpc_id": "vpc-0a37c30f2857b5b7f"
          },
          "sensitive_attributes": [],
          "private": "bnVsbA==",
          "dependencies": [
            "module.vpc.aws_vpc.this"
          ]
        }
      ]
    },
    {
      "module": "module.vpc",
      "mode": "managed",
      "type": "aws_default_route_table",
      "name": "default",
      "provider": "provider[\"registry.terraform.io/hashicorp/aws\"]",
      "instances": [
        {
          "index_key": 0,
          "schema_version": 0,
          "attributes": {
            "arn": "arn:aws:ec2:us-west-2:390669617932:route-table/rtb-03e06c262225a116a",
            "default_route_table_id": "rtb-03e06c262225a116a",
            "id": "rtb-03e06c262225a116a",
            "owner_id": "390669617932",
            "propagating_vgws": null,
            "region": "us-west-2",
            "route": [],
            "tags": {
              "CIDR": "172.30.0.0/24",
              "Name": "ml-video-platform-demo-vpc",
              "environment": "demo",
              "git": "https://www.github.com/syedalijabir/ml-video-platform",
              "managed-by": "terraform",
              "owner": "syedalijabir",
              "system": "ml-video-platform",
              "system-key": "ml-video-platform-demo"
            },
            "tags_all": {
              "CIDR": "172.30.0.0/24",
              "Name": "ml-video-platform-demo-vpc",
              "environment": "demo",
              "git": "https://www.github.com/syedalijabir/ml-video-platform",
              "managed-by": "terraform",
              "owner": "syedalijabir",
              "system": "ml-video-platform",
              "system-key": "ml-video-platform-demo"
            },
            "timeouts": {
              "create": "5m",
              "update": "5m"
            },
            "vpc_id": "vpc-0a37c30f2857b5b7f"
          },
          "sensitive_attributes": [],
          "private": "eyJlMmJmYjczMC1lY2FhLTExZTYtOGY4OC0zNDM2M2JjN2M0YzAiOnsiY3JlYXRlIjozMDAwMDAwMDAwMDAsInVwZGF0ZSI6MzAwMDAwMDAwMDAwfX0=",
          "dependencies": [
            "module.vpc.aws_vpc.this"
          ]
        }
      ]
    },
    {
      "module": "module.vpc",
      "mode": "managed",
      "type": "aws_default_security_group",
      "name": "this",
      "provider": "provider[\"registry.terraform.io/hashicorp/aws\"]",
      "instances": [
        {
          "index_key": 0,
          "schema_version": 1,
          "attributes": {
            "arn": "arn:aws:ec2:us-west-2:390669617932:security-group/sg-00fb43788d34a020a",
            "description": "default VPC security group",
            "egress": [],
            "id": "sg-00fb43788d34a020a",
            "ingress": [],
            "name": "default",
            "name_prefix": "",
            "owner_id": "390669617932",
            "region": "us-west-2",
            "revoke_rules_on_delete": false,
            "tags": {
              "CIDR": "172.30.0.0/24",
              "Name": "ml-video-platform-demo-vpc",
              "environment": "demo",
              "git": "https://www.github.com/syedalijabir/ml-video-platform",
              "managed-by": "terraform",
              "owner": "syedalijabir",
              "system": "ml-video-platform",
              "system-key": "ml-video-platform-demo"
            },
            "tags_all": {
              "CIDR": "172.30.0.0/24",
              "Name": "ml-video-platform-demo-vpc",
              "environment": "demo",
              "git": "https://www.github.com/syedalijabir/ml-video-platform",
              "managed-by": "terraform",
              "owner": "syedalijabir",
              "system": "ml-video-platform",
              "system-key": "ml-video-platform-demo"
            },
            "vpc_id": "vpc-0a37c30f2857b5b7f"
          },
          "sensitive_attributes": [],
          "private": "eyJzY2hlbWFfdmVyc2lvbiI6IjEifQ==",
          "dependencies": [
            "module.vpc.aws_vpc.this"
          ]
        }
      ]
    },
    {
      "module": "module.vpc",
      "mode": "managed",
      "type": "aws_eip",
      "name": "nat",
      "provider": "provider[\"registry.terraform.io/hashicorp/aws\"]",
      "instances": [
        {
          "index_key": 0,
          "schema_version": 0,
          "attributes": {
            "address": null,
            "allocation_id": "eipalloc-0e04825b69688a50b",
            "arn": "arn:aws:ec2:us-west-2:390669617932:elastic-ip/eipalloc-0e04825b69688a50b",
            "associate_with_private_ip": null,
            "association_id": "",
            "carrier_ip": "",
            "customer_owned_ip": "",
            "customer_owned_ipv4_pool": "",
            "domain": "vpc",
            "id": "eipalloc-0e04825b69688a50b",
            "instance": "",
            "ipam_pool_id": null,
            "network_border_group": "us-west-2",
            "network_interface": "",
            "private_dns": null,
            "private_ip": "",
            "ptr_record": "",
            "public_dns": "ec2-44-227-29-104.us-west-2.compute.amazonaws.com",
            "public_ip": "44.227.29.104",
            "public_ipv4_pool": "amazon",
            "region": "us-west-2",
            "tags": {
              "CIDR": "172.30.0.0/24",
              "Name": "ml-video-platform-demo-vpc",
              "environment": "demo",
              "git": "https://www.github.com/syedalijabir/ml-video-platform",
              "managed-by": "terraform",
              "owner": "syedalijabir",
              "system": "ml-video-platform",
              "system-key": "ml-video-platform-demo"
            },
            "tags_all": {
              "CIDR": "172.30.0.0/24",
              "Name": "ml-video-platform-demo-vpc",
              "environment": "demo",
              "git": "https://www.github.com/syedalijabir/ml-video-platform",
              "managed-by": "terraform",
              "owner": "syedalijabir",
              "system": "ml-video-platform",
              "system-key": "ml-video-platform-demo"
            },
            "timeouts": null
          },
          "sensitive_attributes": [],
          "private": "eyJlMmJmYjczMC1lY2FhLTExZTYtOGY4OC0zNDM2M2JjN2M0YzAiOnsiZGVsZXRlIjoxODAwMDAwMDAwMDAsInJlYWQiOjkwMDAwMDAwMDAwMCwidXBkYXRlIjozMDAwMDAwMDAwMDB9fQ==",
          "dependencies": [
            "module.vpc.aws_internet_gateway.this",
            "module.vpc.aws_vpc.this",
            "module.vpc.aws_vpc_ipv4_cidr_block_association.this"
          ]
        }
      ]
    },
    {
      "module": "module.vpc",
      "mode": "managed",
      "type": "aws_internet_gateway",
      "name": "this",
      "provider": "provider[\"registry.terraform.io/hashicorp/aws\"]",
      "instances": [
        {
          "index_key": 0,
          "schema_version": 0,
          "attributes": {
            "arn": "arn:aws:ec2:us-west-2:390669617932:internet-gateway/igw-08c2274cbe0b05862",
            "id": "igw-08c2274cbe0b05862",
            "owner_id": "390669617932",
            "region": "us-west-2",
            "tags": {
              "CIDR": "172.30.0.0/24",
              "Name": "ml-video-platform-demo-vpc",
              "environment": "demo",
              "git": "https://www.github.com/syedalijabir/ml-video-platform",
              "managed-by": "terraform",
              "owner": "syedalijabir",
              "system": "ml-video-platform",
              "system-key": "ml-video-platform-demo"
            },
            "tags_all": {
              "CIDR": "172.30.0.0/24",
              "Name": "ml-video-platform-demo-vpc",
              "environment": "demo",
              "git": "https://www.github.com/syedalijabir/ml-video-platform",
              "managed-by": "terraform",
              "owner": "syedalijabir",
              "system": "ml-video-platform",
              "system-key": "ml-video-platform-demo"
            },
            "timeouts": null,
            "vpc_id": "vpc-0a37c30f2857b5b7f"
          },
          "sensitive_attributes": [],
          "private": "eyJlMmJmYjczMC1lY2FhLTExZTYtOGY4OC0zNDM2M2JjN2M0YzAiOnsiY3JlYXRlIjoxMjAwMDAwMDAwMDAwLCJkZWxldGUiOjEyMDAwMDAwMDAwMDAsInVwZGF0ZSI6MTIwMDAwMDAwMDAwMH19",
          "dependencies": [
            "module.vpc.aws_vpc.this",
            "module.vpc.aws_vpc_ipv4_cidr_block_association.this"
          ]
        }
      ]
    },
    {
      "module": "module.vpc",
      "mode": "managed",
      "type": "aws_nat_gateway",
      "name": "this",
      "provider": "provider[\"registry.terraform.io/hashicorp/aws\"]",
      "instances": [
        {
          "index_key": 0,
          "schema_version": 0,
          "attributes": {
            "allocation_id": "eipalloc-0e04825b69688a50b",
            "association_id": "eipassoc-032e34254315e80d2",
            "auto_provision_zones": null,
            "auto_scaling_ips": null,
            "availability_mode": "zonal",
            "availability_zone_address": [],
            "connectivity_type": "public",
            "id": "nat-0cd24e0d843c0e4d3",
            "network_interface_id": "eni-0483da5153034803e",
            "private_ip": "172.30.0.124",
            "public_ip": "44.227.29.104",
            "region": "us-west-2",
            "regional_nat_gateway_address": [],
            "regional_nat_gateway_auto_mode": null,
            "route_table_id": null,
            "secondary_allocation_ids": [],
            "secondary_private_ip_address_count": 0,
            "secondary_private_ip_addresses": [],
            "subnet_id": "subnet-0778d2384e3203ee8",
            "tags": {
              "CIDR": "172.30.0.0/24",
              "Name": "ml-video-platform-demo-vpc",
              "environment": "demo",
              "git": "https://www.github.com/syedalijabir/ml-video-platform",
              "managed-by": "terraform",
              "owner": "syedalijabir",
              "system": "ml-video-platform",
              "system-key": "ml-video-platform-demo"
            },
            "tags_all": {
              "CIDR": "172.30.0.0/24",
              "Name": "ml-video-platform-demo-vpc",
              "environment": "demo",
              "git": "https://www.github.com/syedalijabir/ml-video-platform",
              "managed-by": "terraform",
              "owner": "syedalijabir",
              "system": "ml-video-platform",
              "system-key": "ml-video-platform-demo"
            },
            "timeouts": null,
            "vpc_id": "vpc-0a37c30f2857b5b7f"
          },
          "sensitive_attributes": [],
          "private": "eyJlMmJmYjczMC1lY2FhLTExZTYtOGY4OC0zNDM2M2JjN2M0YzAiOnsiY3JlYXRlIjo2MDAwMDAwMDAwMDAsImRlbGV0ZSI6MTgwMDAwMDAwMDAwMCwidXBkYXRlIjo2MDAwMDAwMDAwMDB9fQ==",
          "dependencies": [
            "module.vpc.aws_eip.nat",
            "module.vpc.aws_internet_gateway.this",
            "module.vpc.aws_subnet.public",
            "module.vpc.aws_vpc.this",
            "module.vpc.aws_vpc_ipv4_cidr_block_association.this"
          ]
        }
      ]
    },
    {
      "module": "module.vpc",
      "mode": "managed",
      "type": "aws_route",
      "name": "private_nat_gateway",
      "provider": "provider[\"registry.terraform.io/hashicorp/aws\"]",
      "instances": [
        {
          "index_key": 0,
          "schema_version": 0,
          "attributes": {
            "carrier_gateway_id": "",
            "core_network_arn": "",
            "destination_cidr_block": "0.0.0.0/0",
            "destination_ipv6_cidr_block": "",
            "destination_prefix_list_id": "",
            "egress_only_gateway_id": "",
            "gateway_id": "",
            "id": "r-rtb-0910f9171d6d3b5961080289494",
            "instance_id": "",
            "instance_owner_id": "",
            "local_gateway_id": "",
            "nat_gateway_id": "nat-0cd24e0d843c0e4d3",
            "network_interface_id": "",
            "origin": "CreateRoute",
            "region": "us-west-2",
            "route_table_id": "rtb-0910f9171d6d3b596",
            "state": "active",
            "timeouts": {
              "create": "5m",
              "delete": null,
              "update": null
            },
            "transit_gateway_id": "",
            "vpc_endpoint_id": "",
            "vpc_peering_connection_id": ""
          },
          "sensitive_attributes": [],
          "private": "eyJlMmJmYjczMC1lY2FhLTExZTYtOGY4OC0zNDM2M2JjN2M0YzAiOnsiY3JlYXRlIjozMDAwMDAwMDAwMDAsImRlbGV0ZSI6MzAwMDAwMDAwMDAwLCJ1cGRhdGUiOjEyMDAwMDAwMDAwMH19",
          "dependencies": [
            "module.vpc.aws_eip.nat",
            "module.vpc.aws_internet_gateway.this",
            "module.vpc.aws_nat_gateway.this",
            "module.vpc.aws_route_table.private",
            "module.vpc.aws_subnet.public",
            "module.vpc.aws_vpc.this",
            "module.vpc.aws_vpc_ipv4_cidr_block_association.this"
          ]
        }
      ]
    },
    {
      "module": "module.vpc",
      "mode": "managed",
      "type": "aws_route",
      "name": "public_internet_gateway",
      "provider": "provider[\"registry.terraform.io/hashicorp/aws\"]",
      "instances": [
        {
          "index_key": 0,
          "schema_version": 0,
          "attributes": {
            "carrier_gateway_id": "",
            "core_network_arn": "",
            "destination_cidr_block": "0.0.0.0/0",
            "destination_ipv6_cidr_block": "",
            "destination_prefix_list_id": "",
            "egress_only_gateway_id": "",
            "gateway_id": "igw-08c2274cbe0b05862",
            "id": "r-rtb-0ef002defc14fba4c1080289494",
            "instance_id": "",
            "instance_owner_id": "",
            "local_gateway_id": "",
            "nat_gateway_id": "",
            "network_interface_id": "",
            "origin": "CreateRoute",
            "region": "us-west-2",
            "route_table_id": "rtb-0ef002defc14fba4c",
            "state": "active",
            "timeouts": {
              "create": "5m",
              "delete": null,
              "update": null
            },
            "transit_gateway_id": "",
            "vpc_endpoint_id": "",
            "vpc_peering_connection_id": ""
          },
          "sensitive_attributes": [],
          "private": "eyJlMmJmYjczMC1lY2FhLTExZTYtOGY4OC0zNDM2M2JjN2M0YzAiOnsiY3JlYXRlIjozMDAwMDAwMDAwMDAsImRlbGV0ZSI6MzAwMDAwMDAwMDAwLCJ1cGRhdGUiOjEyMDAwMDAwMDAwMH19",
          "dependencies": [
            "module.vpc.aws_internet_gateway.this",
            "module.vpc.aws_route_table.public",
            "module.vpc.aws_vpc.this",
            "module.vpc.aws_vpc_ipv4_cidr_block_association.this"
          ]
        }
      ]
    },
    {
      "module": "module.vpc",
      "mode": "managed",
      "type": "aws_route_table",
      "name": "private",
      "provider": "provider[\"registry.terraform.io/hashicorp/aws\"]",
      "instances": [
        {
          "index_key": 0,
          "schema_version": 0,
          "attributes": {
            "arn": "arn:aws:ec2:us-west-2:390669617932:route-table/rtb-0910f9171d6d3b596",
            "id": "rtb-0910f9171d6d3b596",
            "owner_id": "390669617932",
            "propagating_vgws": [],
            "region": "us-west-2",
            "route": [],
            "tags": {
              "CIDR": "172.30.0.0/24",
              "Name": "ml-video-platform-demo-vpc",
              "environment": "demo",
              "git": "https://www.github.com/syedalijabir/ml-video-platform",
              "managed-by": "terraform",
              "owner": "syedalijabir",
              "system": "ml-video-platform",
              "system-key": "ml-video-platform-demo"
            },
            "tags_all": {
              "CIDR": "172.30.0.0/24",
              "Name": "ml-video-platform-demo-vpc",
              "environment": "demo",
              "git": "https://www.github.com/syedalijabir/ml-video-platform",
              "managed-by": "terraform",
              "owner": "syedalijabir",
              "system": "ml-video-platform",
              "system-key": "ml-video-platform-demo"
            },
            "timeouts": null,
            "vpc_id": "vpc-0a37c30f2857b5b7f"
          },
          "sensitive_attributes": [],
          "private": "eyJlMmJmYjczMC1lY2FhLTExZTYtOGY4OC0zNDM2M2JjN2M0YzAiOnsiY3JlYXRlIjozMDAwMDAwMDAwMDAsImRlbGV0ZSI6MzAwMDAwMDAwMDAwLCJ1cGRhdGUiOjEyMDAwMDAwMDAwMH19",
          "dependencies": [
            "module.vpc.aws_vpc.this",
            "module.vpc.aws_vpc_ipv4_cidr_block_association.this"
          ]
        }
      ]
    },
    {
      "module": "module.vpc",
      "mode": "managed",
      "type": "aws_route_table",
      "name": "public",
      "provider": "provider[\"registry.terraform.io/hashicorp/aws\"]",
      "instances": [
        {
          "index_key": 0,
          "schema_version": 0,
          "attributes": {
            "arn": "arn:aws:ec2:us-west-2:390669617932:route-table/rtb-0ef002defc14fba4c",
            "id": "rtb-0ef002defc14fba4c",
            "owner_id": "390669617932",
            "propagating_vgws": [],
            "region": "us-west-2",
            "route": [],
            "tags": {
              "CIDR": "172.30.0.0/24",
              "Name": "ml-video-platform-demo-vpc",
              "environment": "demo",
              "git": "https://www.github.com/syedalijabir/ml-video-platform",
              "managed-by": "terraform",
              "owner": "syedalijabir",
              "system": "ml-video-platform",
              "system-key": "ml-video-platform-demo"
            },
            "tags_all": {
              "CIDR": "172.30.0.0/24",
              "Name": "ml-video-platform-demo-vpc",
              "environment": "demo",
              "git": "https://www.github.com/syedalijabir/ml-video-platform",
              "managed-by": "terraform",
              "owner": "syedalijabir",
              "system": "ml-video-platform",
              "system-key": "ml-video-platform-demo"
            },
            "timeouts": null,
            "vpc_id": "vpc-0a37c30f2857b5b7f"
          },
          "sensitive_attributes": [],
          "private": "eyJlMmJmYjczMC1lY2FhLTExZTYtOGY4OC0zNDM2M2JjN2M0YzAiOnsiY3JlYXRlIjozMDAwMDAwMDAwMDAsImRlbGV0ZSI6MzAwMDAwMDAwMDAwLCJ1cGRhdGUiOjEyMDAwMDAwMDAwMH19",
          "dependencies": [
            "module.vpc.aws_vpc.this",
            "module.vpc.aws_vpc_ipv4_cidr_block_association.this"
          ]
        }
      ]
    },
    {
      "module": "module.vpc",
      "mode": "managed",
      "type": "aws_route_table_association",
      "name": "private",
      "provider": "provider[\"registry.terraform.io/hashicorp/aws\"]",
      "instances": [
        {
          "index_key": 0,
          "schema_version": 0,
          "attributes": {
            "gateway_id": "",
            "id": "rtbassoc-0762d5e522b415220",
            "region": "us-west-2",
            "route_table_id": "rtb-0910f9171d6d3b596",
            "subnet_id": "subnet-0719b31b61e024ea8",
            "timeouts": null
          },
          "sensitive_attributes": [],
          "private": "eyJlMmJmYjczMC1lY2FhLTExZTYtOGY4OC0zNDM2M2JjN2M0YzAiOnsiY3JlYXRlIjozMDAwMDAwMDAwMDAsImRlbGV0ZSI6MzAwMDAwMDAwMDAwLCJ1cGRhdGUiOjEyMDAwMDAwMDAwMH19",
          "dependencies": [
            "module.vpc.aws_route_table.private",
            "module.vpc.aws_subnet.private",
            "module.vpc.aws_vpc.this",
            "module.vpc.aws_vpc_ipv4_cidr_block_association.this"
          ]
        },
        {
          "index_key": 1,
          "schema_version": 0,
          "attributes": {
            "gateway_id": "",
            "id": "rtbassoc-08670579560cd56f6",
            "region": "us-west-2",
            "route_table_id": "rtb-0910f9171d6d3b596",
            "subnet_id": "subnet-0cadbe5987028a826",
            "timeouts": null
          },
          "sensitive_attributes": [],
          "private": "eyJlMmJmYjczMC1lY2FhLTExZTYtOGY4OC0zNDM2M2JjN2M0YzAiOnsiY3JlYXRlIjozMDAwMDAwMDAwMDAsImRlbGV0ZSI6MzAwMDAwMDAwMDAwLCJ1cGRhdGUiOjEyMDAwMDAwMDAwMH19",
          "dependencies": [
            "module.vpc.aws_route_table.private",
            "module.vpc.aws_subnet.private",
            "module.vpc.aws_vpc.this",
            "module.vpc.aws_vpc_ipv4_cidr_block_association.this"
          ]
        },
        {
          "index_key": 2,
          "schema_version": 0,
          "attributes": {
            "gateway_id": "",
            "id": "rtbassoc-06f6f9777580926cc",
            "region": "us-west-2",
            "route_table_id": "rtb-0910f9171d6d3b596",
            "subnet_id": "subnet-04d50fce03db75d47",
            "timeouts": null
          },
          "sensitive_attributes": [],
          "private": "eyJlMmJmYjczMC1lY2FhLTExZTYtOGY4OC0zNDM2M2JjN2M0YzAiOnsiY3JlYXRlIjozMDAwMDAwMDAwMDAsImRlbGV0ZSI6MzAwMDAwMDAwMDAwLCJ1cGRhdGUiOjEyMDAwMDAwMDAwMH19",
          "dependencies": [
            "module.vpc.aws_route_table.private",
            "module.vpc.aws_subnet.private",
            "module.vpc.aws_vpc.this",
            "module.vpc.aws_vpc_ipv4_cidr_block_association.this"
          ]
        }
      ]
    },
    {
      "module": "module.vpc",
      "mode": "managed",
      "type": "aws_route_table_association",
      "name": "public",
      "provider": "provider[\"registry.terraform.io/hashicorp/aws\"]",
      "instances": [
        {
          "index_key": 0,
          "schema_version": 0,
          "attributes": {
            "gateway_id": "",
            "id": "rtbassoc-09ccec6b15af4aed9",
            "region": "us-west-2",
            "route_table_id": "rtb-0ef002defc14fba4c",
            "subnet_id": "subnet-0778d2384e3203ee8",
            "timeouts": null
          },
          "sensitive_attributes": [],
          "private": "eyJlMmJmYjczMC1lY2FhLTExZTYtOGY4OC0zNDM2M2JjN2M0YzAiOnsiY3JlYXRlIjozMDAwMDAwMDAwMDAsImRlbGV0ZSI6MzAwMDAwMDAwMDAwLCJ1cGRhdGUiOjEyMDAwMDAwMDAwMH19",
          "dependencies": [
            "module.vpc.aws_route_table.public",
            "module.vpc.aws_subnet.public",
            "module.vpc.aws_vpc.this",
            "module.vpc.aws_vpc_ipv4_cidr_block_association.this"
          ]
        },
        {
          "index_key": 1,
          "schema_version": 0,
          "attributes": {
            "gateway_id": "",
            "id": "rtbassoc-0ca6314d449ae3ff6",
            "region": "us-west-2",
            "route_table_id": "rtb-0ef002defc14fba4c",
            "subnet_id": "subnet-07a7843dea811b99c",
            "timeouts": null
          },
          "sensitive_attributes": [],
          "private": "eyJlMmJmYjczMC1lY2FhLTExZTYtOGY4OC0zNDM2M2JjN2M0YzAiOnsiY3JlYXRlIjozMDAwMDAwMDAwMDAsImRlbGV0ZSI6MzAwMDAwMDAwMDAwLCJ1cGRhdGUiOjEyMDAwMDAwMDAwMH19",
          "dependencies": [
            "module.vpc.aws_route_table.public",
            "module.vpc.aws_subnet.public",
            "module.vpc.aws_vpc.this",
            "module.vpc.aws_vpc_ipv4_cidr_block_association.this"
          ]
        },
        {
          "index_key": 2,
          "schema_version": 0,
          "attributes": {
            "gateway_id": "",
            "id": "rtbassoc-0603cea690f53a6f3",
            "region": "us-west-2",
            "route_table_id": "rtb-0ef002defc14fba4c",
            "subnet_id": "subnet-012f72b5e950217a4",
            "timeouts": null
          },
          "sensitive_attributes": [],
          "private": "eyJlMmJmYjczMC1lY2FhLTExZTYtOGY4OC0zNDM2M2JjN2M0YzAiOnsiY3JlYXRlIjozMDAwMDAwMDAwMDAsImRlbGV0ZSI6MzAwMDAwMDAwMDAwLCJ1cGRhdGUiOjEyMDAwMDAwMDAwMH19",
          "dependencies": [
            "module.vpc.aws_route_table.public",
            "module.vpc.aws_subnet.public",
            "module.vpc.aws_vpc.this",
            "module.vpc.aws_vpc_ipv4_cidr_block_association.this"
          ]
        }
      ]
    },
    {
      "module": "module.vpc",
      "mode": "managed",
      "type": "aws_subnet",
      "name": "private",
      "provider": "provider[\"registry.terraform.io/hashicorp/aws\"]",
      "instances": [
        {
          "index_key": 0,
          "schema_version": 1,
          "attributes": {
            "arn": "arn:aws:ec2:us-west-2:390669617932:subnet/subnet-0719b31b61e024ea8",
            "assign_ipv6_address_on_creation": false,
            "availability_zone": "us-west-2a",
            "availability_zone_id": "usw2-az2",
            "cidr_block": "172.30.0.0/27",
            "customer_owned_ipv4_pool": "",
            "enable_dns64": false,
            "enable_lni_at_device_index": 0,
            "enable_resource_name_dns_a_record_on_launch": false,
            "enable_resource_name_dns_aaaa_record_on_launch": false,
            "id": "subnet-0719b31b61e024ea8",
            "ipv6_cidr_block": "",
            "ipv6_cidr_block_association_id": "",
            "ipv6_native": false,
            "map_customer_owned_ip_on_launch": false,
            "map_public_ip_on_launch": false,
            "outpost_arn": "",
            "owner_id": "390669617932",
            "private_dns_hostname_type_on_launch": "ip-name",
            "region": "us-west-2",
            "tags": {
              "CIDR": "172.30.0.0/24",
              "Name": "ml-video-platform-demo-vpc",
              "environment": "demo",
              "git": "https://www.github.com/syedalijabir/ml-video-platform",
              "managed-by": "terraform",
              "owner": "syedalijabir",
              "system": "ml-video-platform",
              "system-key": "ml-video-platform-demo"
            },
            "tags_all": {
              "CIDR": "172.30.0.0/24",
              "Name": "ml-video-platform-demo-vpc",
              "environment": "demo",
              "git": "https://www.github.com/syedalijabir/ml-video-platform",
              "managed-by": "terraform",
              "owner": "syedalijabir",
              "system": "ml-video-platform",
              "system-key": "ml-video-platform-demo"
            },
            "timeouts": null,
            "vpc_id": "vpc-0a37c30f2857b5b7f"
          },
          "sensitive_attributes": [],
          "private": "eyJlMmJmYjczMC1lY2FhLTExZTYtOGY4OC0zNDM2M2JjN2M0YzAiOnsiY3JlYXRlIjo2MDAwMDAwMDAwMDAsImRlbGV0ZSI6MTIwMDAwMDAwMDAwMH0sInNjaGVtYV92ZXJzaW9uIjoiMSJ9",
          "dependencies": [
            "module.vpc.aws_vpc.this",
            "module.vpc.aws_vpc_ipv4_cidr_block_association.this"
          ]
        },
        {
          "index_key": 1,
          "schema_version": 1,
          "attributes": {
            "arn": "arn:aws:ec2:us-west-2:390669617932:subnet/subnet-0cadbe5987028a826",
            "assign_ipv6_address_on_creation": false,
            "availability_zone": "us-west-2b",
            "availability_zone_id": "usw2-az1",
            "cidr_block": "172.30.0.32/27",
            "customer_owned_ipv4_pool": "",
            "enable_dns64": false,
            "enable_lni_at_device_index": 0,
            "enable_resource_name_dns_a_record_on_launch": false,
            "enable_resource_name_dns_aaaa_record_on_launch": false,
            "id": "subnet-0cadbe5987028a826",
            "ipv6_cidr_block": "",
            "ipv6_cidr_block_association_id": "",
            "ipv6_native": false,
            "map_customer_owned_ip_on_launch": false,
            "map_public_ip_on_launch": false,
            "outpost_arn": "",
            "owner_id": "390669617932",
            "private_dns_hostname_type_on_launch": "ip-name",
            "region": "us-west-2",
            "tags": {
              "CIDR": "172.30.0.0/24",
              "Name": "ml-video-platform-demo-vpc",
              "environment": "demo",
              "git": "https://www.github.com/syedalijabir/ml-video-platform",
              "managed-by": "terraform",
              "owner": "syedalijabir",
              "system": "ml-video-platform",
              "system-key": "ml-video-platform-demo"
            },
            "tags_all": {
              "CIDR": "172.30.0.0/24",
              "Name": "ml-video-platform-demo-vpc",
              "environment": "demo",
              "git": "https://www.github.com/syedalijabir/ml-video-platform",
              "managed-by": "terraform",
              "owner": "syedalijabir",
              "system": "ml-video-platform",
              "system-key": "ml-video-platform-demo"
            },
            "timeouts": null,
            "vpc_id": "vpc-0a37c30f2857b5b7f"
          },
          "sensitive_attributes": [],
          "private": "eyJlMmJmYjczMC1lY2FhLTExZTYtOGY4OC0zNDM2M2JjN2M0YzAiOnsiY3JlYXRlIjo2MDAwMDAwMDAwMDAsImRlbGV0ZSI6MTIwMDAwMDAwMDAwMH0sInNjaGVtYV92ZXJzaW9uIjoiMSJ9",
          "dependencies": [
            "module.vpc.aws_vpc.this",
            "module.vpc.aws_vpc_ipv4_cidr_block_association.this"
          ]
        },
        {
          "index_key": 2,
          "schema_version": 1,
          "attributes": {
            "arn": "arn:aws:ec2:us-west-2:390669617932:subnet/subnet-04d50fce03db75d47",
            "assign_ipv6_address_on_creation": false,
            "availability_zone": "us-west-2c",
            "availability_zone_id": "usw2-az3",
            "cidr_block": "172.30.0.64/27",
            "customer_owned_ipv4_pool": "",
            "enable_dns64": false,
            "enable_lni_at_device_index": 0,
            "enable_resource_name_dns_a_record_on_launch": false,
            "enable_resource_name_dns_aaaa_record_on_launch": false,
            "id": "subnet-04d50fce03db75d47",
            "ipv6_cidr_block": "",
            "ipv6_cidr_block_association_id": "",
            "ipv6_native": false,
            "map_customer_owned_ip_on_launch": false,
            "map_public_ip_on_launch": false,
            "outpost_arn": "",
            "owner_id": "390669617932",
            "private_dns_hostname_type_on_launch": "ip-name",
            "region": "us-west-2",
            "tags": {
              "CIDR": "172.30.0.0/24",
              "Name": "ml-video-platform-demo-vpc",
              "environment": "demo",
              "git": "https://www.github.com/syedalijabir/ml-video-platform",
              "managed-by": "terraform",
              "owner": "syedalijabir",
              "system": "ml-video-platform",
              "system-key": "ml-video-platform-demo"
            },
            "tags_all": {
              "CIDR": "172.30.0.0/24",
              "Name": "ml-video-platform-demo-vpc",
              "environment": "demo",
              "git": "https://www.github.com/syedalijabir/ml-video-platform",
              "managed-by": "terraform",
              "owner": "syedalijabir",
              "system": "ml-video-platform",
              "system-key": "ml-video-platform-demo"
            },
            "timeouts": null,
            "vpc_id": "vpc-0a37c30f2857b5b7f"
          },
          "sensitive_attributes": [],
          "private": "eyJlMmJmYjczMC1lY2FhLTExZTYtOGY4OC0zNDM2M2JjN2M0YzAiOnsiY3JlYXRlIjo2MDAwMDAwMDAwMDAsImRlbGV0ZSI6MTIwMDAwMDAwMDAwMH0sInNjaGVtYV92ZXJzaW9uIjoiMSJ9",
          "dependencies": [
            "module.vpc.aws_vpc.this",
            "module.vpc.aws_vpc_ipv4_cidr_block_association.this"
          ]
        }
      ]
    },
    {
      "module": "module.vpc",
      "mode": "managed",
      "type": "aws_subnet",
      "name": "public",
      "provider": "provider[\"registry.terraform.io/hashicorp/aws\"]",
      "instances": [
        {
          "index_key": 0,
          "schema_version": 1,
          "attributes": {
            "arn": "arn:aws:ec2:us-west-2:390669617932:subnet/subnet-0778d2384e3203ee8",
            "assign_ipv6_address_on_creation": false,
            "availability_zone": "us-west-2a",
            "availability_zone_id": "usw2-az2",
            "cidr_block": "172.30.0.96/27",
            "customer_owned_ipv4_pool": "",
            "enable_dns64": false,
            "enable_lni_at_device_index": 0,
            "enable_resource_name_dns_a_record_on_launch": false,
            "enable_resource_name_dns_aaaa_record_on_launch": false,
            "id": "subnet-0778d2384e3203ee8",
            "ipv6_cidr_block": "",
            "ipv6_cidr_block_association_id": "",
            "ipv6_native": false,
            "map_customer_owned_ip_on_launch": false,
            "map_public_ip_on_launch": false,
            "outpost_arn": "",
            "owner_id": "390669617932",
            "private_dns_hostname_type_on_launch": "ip-name",
            "region": "us-west-2",
            "tags": {
              "CIDR": "172.30.0.0/24",
              "Name": "ml-video-platform-demo-vpc",
              "environment": "demo",
              "git": "https://www.github.com/syedalijabir/ml-video-platform",
              "managed-by": "terraform",
              "owner": "syedalijabir",
              "system": "ml-video-platform",
              "system-key": "ml-video-platform-demo"
            },
            "tags_all": {
              "CIDR": "172.30.0.0/24",
              "Name": "ml-video-platform-demo-vpc",
              "environment": "demo",
              "git": "https://www.github.com/syedalijabir/ml-video-platform",
              "managed-by": "terraform",
              "owner": "syedalijabir",
              "system": "ml-video-platform",
              "system-key": "ml-video-platform-demo"
            },
            "timeouts": null,
            "vpc_id": "vpc-0a37c30f2857b5b7f"
          },
          "sensitive_attributes": [],
          "private": "eyJlMmJmYjczMC1lY2FhLTExZTYtOGY4OC0zNDM2M2JjN2M0YzAiOnsiY3JlYXRlIjo2MDAwMDAwMDAwMDAsImRlbGV0ZSI6MTIwMDAwMDAwMDAwMH0sInNjaGVtYV92ZXJzaW9uIjoiMSJ9",
          "dependencies": [
            "module.vpc.aws_vpc.this",
            "module.vpc.aws_vpc_ipv4_cidr_block_association.this"
          ]
        },
        {
          "index_key": 1,
          "schema_version": 1,
          "attributes": {
            "arn": "arn:aws:ec2:us-west-2:390669617932:subnet/subnet-07a7843dea811b99c",
            "assign_ipv6_address_on_creation": false,
            "availability_zone": "us-west-2b",
            "availability_zone_id": "usw2-az1",
            "cidr_block": "172.30.0.128/27",
            "customer_owned_ipv4_pool": "",
            "enable_dns64": false,
            "enable_lni_at_device_index": 0,
            "enable_resource_name_dns_a_record_on_launch": false,
            "enable_resource_name_dns_aaaa_record_on_launch": false,
            "id": "subnet-07a7843dea811b99c",
            "ipv6_cidr_block": "",
            "ipv6_cidr_block_association_id": "",
            "ipv6_native": false,
            "map_customer_owned_ip_on_launch": false,
            "map_public_ip_on_launch": false,
            "outpost_arn": "",
            "owner_id": "390669617932",
            "private_dns_hostname_type_on_launch": "ip-name",
            "region": "us-west-2",
            "tags": {
              "CIDR": "172.30.0.0/24",
              "Name": "ml-video-platform-demo-vpc",
              "environment": "demo",
              "git": "https://www.github.com/syedalijabir/ml-video-platform",
              "managed-by": "terraform",
              "owner": "syedalijabir",
              "system": "ml-video-platform",
              "system-key": "ml-video-platform-demo"
            },
            "tags_all": {
              "CIDR": "172.30.0.0/24",
              "Name": "ml-video-platform-demo-vpc",
              "environment": "demo",
              "git": "https://www.github.com/syedalijabir/ml-video-platform",
              "managed-by": "terraform",
              "owner": "syedalijabir",
              "system": "ml-video-platform",
              "system-key": "ml-video-platform-demo"
            },
            "timeouts": null,
            "vpc_id": "vpc-0a37c30f2857b5b7f"
          },
          "sensitive_attributes": [],
          "private": "eyJlMmJmYjczMC1lY2FhLTExZTYtOGY4OC0zNDM2M2JjN2M0YzAiOnsiY3JlYXRlIjo2MDAwMDAwMDAwMDAsImRlbGV0ZSI6MTIwMDAwMDAwMDAwMH0sInNjaGVtYV92ZXJzaW9uIjoiMSJ9",
          "dependencies": [
            "module.vpc.aws_vpc.this",
            "module.vpc.aws_vpc_ipv4_cidr_block_association.this"
          ]
        },
        {
          "index_key": 2,
          "schema_version": 1,
          "attributes": {
            "arn": "arn:aws:ec2:us-west-2:390669617932:subnet/subnet-012f72b5e950217a4",
            "assign_ipv6_address_on_creation": false,
            "availability_zone": "us-west-2c",
            "availability_zone_id": "usw2-az3",
            "cidr_block": "172.30.0.160/27",
            "customer_owned_ipv4_pool": "",
            "enable_dns64": false,
            "enable_lni_at_device_index": 0,
            "enable_resource_name_dns_a_record_on_launch": false,
            "enable_resource_name_dns_aaaa_record_on_launch": false,
            "id": "subnet-012f72b5e950217a4",
            "ipv6_cidr_block": "",
            "ipv6_cidr_block_association_id": "",
            "ipv6_native": false,
            "map_customer_owned_ip_on_launch": false,
            "map_public_ip_on_launch": false,
            "outpost_arn": "",
            "owner_id": "390669617932",
            "private_dns_hostname_type_on_launch": "ip-name",
            "region": "us-west-2",
            "tags": {
              "CIDR": "172.30.0.0/24",
              "Name": "ml-video-platform-demo-vpc",
              "environment": "demo",
              "git": "https://www.github.com/syedalijabir/ml-video-platform",
              "managed-by": "terraform",
              "owner": "syedalijabir",
              "system": "ml-video-platform",
              "system-key": "ml-video-platform-demo"
            },
            "tags_all": {
              "CIDR": "172.30.0.0/24",
              "Name": "ml-video-platform-demo-vpc",
              "environment": "demo",
              "git": "https://www.github.com/syedalijabir/ml-video-platform",
              "managed-by": "terraform",
              "owner": "syedalijabir",
              "system": "ml-video-platform",
              "system-key": "ml-video-platform-demo"
            },
            "timeouts": null,
            "vpc_id": "vpc-0a37c30f2857b5b7f"
          },
          "sensitive_attributes": [],
          "private": "eyJlMmJmYjczMC1lY2FhLTExZTYtOGY4OC0zNDM2M2JjN2M0YzAiOnsiY3JlYXRlIjo2MDAwMDAwMDAwMDAsImRlbGV0ZSI6MTIwMDAwMDAwMDAwMH0sInNjaGVtYV92ZXJzaW9uIjoiMSJ9",
          "dependencies": [
            "module.vpc.aws_vpc.this",
            "module.vpc.aws_vpc_ipv4_cidr_block_association.this"
          ]
        }
      ]
    },
    {
      "module": "module.vpc",
      "mode": "managed",
      "type": "aws_vpc",
      "name": "this",
      "provider": "provider[\"registry.terraform.io/hashicorp/aws\"]",
      "instances": [
        {
          "index_key": 0,
          "schema_version": 1,
          "attributes": {
            "arn": "arn:aws:ec2:us-west-2:390669617932:vpc/vpc-0a37c30f2857b5b7f",
            "assign_generated_ipv6_cidr_block": false,
            "cidr_block": "172.30.0.0/24",
            "default_network_acl_id": "acl-07749e4ef56949058",
            "default_route_table_id": "rtb-03e06c262225a116a",
            "default_security_group_id": "sg-00fb43788d34a020a",
            "dhcp_options_id": "dopt-02d91c7ffdde0ac55",
            "enable_dns_hostnames": true,
            "enable_dns_support": true,
            "enable_network_address_usage_metrics": false,
            "id": "vpc-0a37c30f2857b5b7f",
            "instance_tenancy": "default",
            "ipv4_ipam_pool_id": null,
            "ipv4_netmask_length": null,
            "ipv6_association_id": "",
            "ipv6_cidr_block": "",
            "ipv6_cidr_block_network_border_group": "",
            "ipv6_ipam_pool_id": "",
            "ipv6_netmask_length": 0,
            "main_route_table_id": "rtb-03e06c262225a116a",
            "owner_id": "390669617932",
            "region": "us-west-2",
            "tags": {
              "CIDR": "172.30.0.0/24",
              "Name": "ml-video-platform-demo-vpc",
              "environment": "demo",
              "git": "https://www.github.com/syedalijabir/ml-video-platform",
              "managed-by": "terraform",
              "owner": "syedalijabir",
              "system": "ml-video-platform",
              "system-key": "ml-video-platform-demo"
            },
            "tags_all": {
              "CIDR": "172.30.0.0/24",
              "Name": "ml-video-platform-demo-vpc",
              "environment": "demo",
              "git": "https://www.github.com/syedalijabir/ml-video-platform",
              "managed-by": "terraform",
              "owner": "syedalijabir",
              "system": "ml-video-platform",
              "system-key": "ml-video-platform-demo"
            }
          },
          "sensitive_attributes": [],
          "private": "eyJzY2hlbWFfdmVyc2lvbiI6IjEifQ=="
        }
      ]
    },
    {
      "module": "module.vpc",
      "mode": "managed",
      "type": "aws_vpc_ipv4_cidr_block_association",
      "name": "this",
      "provider": "provider[\"registry.terraform.io/hashicorp/aws\"]",
      "instances": []
    }
  ],
  "check_results": null
}
